// !$*UTF8*$!
{
	archiveVersion = 1;
	classes = {
	};
	objectVersion = 46;
	objects = {

/* Begin PBXBuildFile section */
		8703ACAB1513F841002FE357 /* UIKit.framework in Frameworks */ = {isa = PBXBuildFile; fileRef = 8703ACAA1513F841002FE357 /* UIKit.framework */; };
		8703ACAD1513F841002FE357 /* Foundation.framework in Frameworks */ = {isa = PBXBuildFile; fileRef = 8703ACAC1513F841002FE357 /* Foundation.framework */; };
		8703ACAF1513F841002FE357 /* CoreGraphics.framework in Frameworks */ = {isa = PBXBuildFile; fileRef = 8703ACAE1513F841002FE357 /* CoreGraphics.framework */; };
		8703ACB51513F841002FE357 /* InfoPlist.strings in Resources */ = {isa = PBXBuildFile; fileRef = 8703ACB31513F841002FE357 /* InfoPlist.strings */; };
		8703ACB71513F841002FE357 /* main.m in Sources */ = {isa = PBXBuildFile; fileRef = 8703ACB61513F841002FE357 /* main.m */; };
		8703ACBB1513F841002FE357 /* PQAppDelegate.m in Sources */ = {isa = PBXBuildFile; fileRef = 8703ACBA1513F841002FE357 /* PQAppDelegate.m */; };
		8703ACBE1513F841002FE357 /* MainStoryboard.storyboard in Resources */ = {isa = PBXBuildFile; fileRef = 8703ACBC1513F841002FE357 /* MainStoryboard.storyboard */; };
		8703ACC11513F841002FE357 /* PQMapViewController.m in Sources */ = {isa = PBXBuildFile; fileRef = 8703ACC01513F841002FE357 /* PQMapViewController.m */; };
		8703ACC81513F9D5002FE357 /* MapKit.framework in Frameworks */ = {isa = PBXBuildFile; fileRef = 8703ACC71513F9D5002FE357 /* MapKit.framework */; };
		8703ACCA1513FB46002FE357 /* CoreLocation.framework in Frameworks */ = {isa = PBXBuildFile; fileRef = 8703ACC91513FB46002FE357 /* CoreLocation.framework */; };
		8703ACD81513FC32002FE357 /* icon.png in Resources */ = {isa = PBXBuildFile; fileRef = 8703ACD71513FC32002FE357 /* icon.png */; };
		8703ACDA1513FC36002FE357 /* icon@2x.png in Resources */ = {isa = PBXBuildFile; fileRef = 8703ACD91513FC36002FE357 /* icon@2x.png */; };
		8705F843157D43530013DF29 /* CoreData.framework in Frameworks */ = {isa = PBXBuildFile; fileRef = 8705F842157D43530013DF29 /* CoreData.framework */; };
		8705F864157E9A6C0013DF29 /* colon.png in Resources */ = {isa = PBXBuildFile; fileRef = 8705F863157E9A6C0013DF29 /* colon.png */; };
		8705F87E157EB9EC0013DF29 /* QuartzCore.framework in Frameworks */ = {isa = PBXBuildFile; fileRef = 8705F87D157EB9EC0013DF29 /* QuartzCore.framework */; };
		871E20FE152CD54C00D9452A /* UIColor+Parq.m in Sources */ = {isa = PBXBuildFile; fileRef = 871E20FD152CD54C00D9452A /* UIColor+Parq.m */; };
		871E2104152CE02100D9452A /* settings.png in Resources */ = {isa = PBXBuildFile; fileRef = 871E2103152CE02100D9452A /* settings.png */; };
		871E2106152CF22A00D9452A /* avail_gradient.png in Resources */ = {isa = PBXBuildFile; fileRef = 871E2105152CF22A00D9452A /* avail_gradient.png */; };
		8730EB23151BBD1500E7A7F8 /* libobjc.A.dylib in Frameworks */ = {isa = PBXBuildFile; fileRef = 8730EB22151BBD1500E7A7F8 /* libobjc.A.dylib */; };
		873F8F2F154F257F002FB511 /* check_empty.png in Resources */ = {isa = PBXBuildFile; fileRef = 873F8F2D154F257F002FB511 /* check_empty.png */; };
		873F8F30154F257F002FB511 /* check.png in Resources */ = {isa = PBXBuildFile; fileRef = 873F8F2E154F257F002FB511 /* check.png */; };
		87418A881577D31500CACCCA /* PQParkedCarMapViewController.m in Sources */ = {isa = PBXBuildFile; fileRef = 87418A871577D31500CACCCA /* PQParkedCarMapViewController.m */; };
		87418A9715780B1C00CACCCA /* PQParkedCarAnnotation.m in Sources */ = {isa = PBXBuildFile; fileRef = 87418A9615780B1C00CACCCA /* PQParkedCarAnnotation.m */; };
		876702E41550667700318941 /* prepaid.png in Resources */ = {isa = PBXBuildFile; fileRef = 876702E31550667700318941 /* prepaid.png */; };
		8791F9C11533804000525267 /* PQCallout.m in Sources */ = {isa = PBXBuildFile; fileRef = 8791F9C01533804000525267 /* PQCallout.m */; };
		8791F9CE153383E500525267 /* CalloutMapAnnotationView.m in Sources */ = {isa = PBXBuildFile; fileRef = 8791F9CD153383E500525267 /* CalloutMapAnnotationView.m */; };
		8791F9D415338DD300525267 /* CalloutMapAnnotation.m in Sources */ = {isa = PBXBuildFile; fileRef = 8791F9D315338DD300525267 /* CalloutMapAnnotation.m */; };
		879B298B1550862E00017E2F /* OCRBStd.otf in Resources */ = {isa = PBXBuildFile; fileRef = 879B298A1550862E00017E2F /* OCRBStd.otf */; };
		87AE9EFC152F918300069153 /* MKShape+Color.m in Sources */ = {isa = PBXBuildFile; fileRef = 87AE9EFB152F918300069153 /* MKShape+Color.m */; };
		87E1BE5A154741190095E92D /* left_arrow.png in Resources */ = {isa = PBXBuildFile; fileRef = 87E1BE58154741190095E92D /* left_arrow.png */; };
		87E1BE5B154741190095E92D /* right_arrow.png in Resources */ = {isa = PBXBuildFile; fileRef = 87E1BE59154741190095E92D /* right_arrow.png */; };
		87E1BE5E1548640E0095E92D /* meter.png in Resources */ = {isa = PBXBuildFile; fileRef = 87E1BE5D1548640E0095E92D /* meter.png */; };
		87E1BE61154880700095E92D /* green_button.png in Resources */ = {isa = PBXBuildFile; fileRef = 87E1BE5F1548806E0095E92D /* green_button.png */; };
		87E1BE62154880700095E92D /* red_button.png in Resources */ = {isa = PBXBuildFile; fileRef = 87E1BE601548806E0095E92D /* red_button.png */; };
		87E1BE64154888CE0095E92D /* grey_tabs_bar.png in Resources */ = {isa = PBXBuildFile; fileRef = 87E1BE63154888CE0095E92D /* grey_tabs_bar.png */; };
		87E1BE67154A08D80095E92D /* PQParkingViewController.m in Sources */ = {isa = PBXBuildFile; fileRef = 87E1BE66154A08D80095E92D /* PQParkingViewController.m */; };
		87E1BE69154B35270095E92D /* payg.png in Resources */ = {isa = PBXBuildFile; fileRef = 87E1BE68154B35270095E92D /* payg.png */; };
		FCF937C4157D497F0062A5A1 /* parq.xcdatamodeld in Sources */ = {isa = PBXBuildFile; fileRef = FCF937BE157D49190062A5A1 /* parq.xcdatamodeld */; };
		FCF937C5157D4A780062A5A1 /* DataLayer.m in Sources */ = {isa = PBXBuildFile; fileRef = FC48562F1577FD37002C4479 /* DataLayer.m */; };
		FCF937C6157D4A780062A5A1 /* NetworkLayer.m in Sources */ = {isa = PBXBuildFile; fileRef = FC7CE864157943630059EE43 /* NetworkLayer.m */; };
		FCF937C7157D4A780062A5A1 /* Segment.m in Sources */ = {isa = PBXBuildFile; fileRef = FC772759157C2C8C005DEBEA /* Segment.m */; };
		FCF937CA157D4A970062A5A1 /* Grid.m in Sources */ = {isa = PBXBuildFile; fileRef = FCF937C9157D4A970062A5A1 /* Grid.m */; };
		FCF937CD157D4AA50062A5A1 /* Street.m in Sources */ = {isa = PBXBuildFile; fileRef = FCF937CC157D4AA50062A5A1 /* Street.m */; };
		FCF937D0157D4AB30062A5A1 /* Spot.m in Sources */ = {isa = PBXBuildFile; fileRef = FCF937CF157D4AB20062A5A1 /* Spot.m */; };
		FCF937D3157D4ABF0062A5A1 /* Waypoint.m in Sources */ = {isa = PBXBuildFile; fileRef = FCF937D2157D4ABF0062A5A1 /* Waypoint.m */; };
/* End PBXBuildFile section */

/* Begin PBXFileReference section */
		8703ACA61513F841002FE357 /* Parq.app */ = {isa = PBXFileReference; explicitFileType = wrapper.application; includeInIndex = 0; path = Parq.app; sourceTree = BUILT_PRODUCTS_DIR; };
		8703ACAA1513F841002FE357 /* UIKit.framework */ = {isa = PBXFileReference; lastKnownFileType = wrapper.framework; name = UIKit.framework; path = System/Library/Frameworks/UIKit.framework; sourceTree = SDKROOT; };
		8703ACAC1513F841002FE357 /* Foundation.framework */ = {isa = PBXFileReference; lastKnownFileType = wrapper.framework; name = Foundation.framework; path = System/Library/Frameworks/Foundation.framework; sourceTree = SDKROOT; };
		8703ACAE1513F841002FE357 /* CoreGraphics.framework */ = {isa = PBXFileReference; lastKnownFileType = wrapper.framework; name = CoreGraphics.framework; path = System/Library/Frameworks/CoreGraphics.framework; sourceTree = SDKROOT; };
		8703ACB21513F841002FE357 /* Parq-Info.plist */ = {isa = PBXFileReference; lastKnownFileType = text.plist.xml; path = "Parq-Info.plist"; sourceTree = "<group>"; };
		8703ACB41513F841002FE357 /* en */ = {isa = PBXFileReference; lastKnownFileType = text.plist.strings; name = en; path = en.lproj/InfoPlist.strings; sourceTree = "<group>"; };
		8703ACB61513F841002FE357 /* main.m */ = {isa = PBXFileReference; lastKnownFileType = sourcecode.c.objc; path = main.m; sourceTree = "<group>"; };
		8703ACB81513F841002FE357 /* Parq-Prefix.pch */ = {isa = PBXFileReference; lastKnownFileType = sourcecode.c.h; path = "Parq-Prefix.pch"; sourceTree = "<group>"; };
		8703ACB91513F841002FE357 /* PQAppDelegate.h */ = {isa = PBXFileReference; lastKnownFileType = sourcecode.c.h; path = PQAppDelegate.h; sourceTree = "<group>"; };
		8703ACBA1513F841002FE357 /* PQAppDelegate.m */ = {isa = PBXFileReference; lastKnownFileType = sourcecode.c.objc; path = PQAppDelegate.m; sourceTree = "<group>"; };
		8703ACBD1513F841002FE357 /* en */ = {isa = PBXFileReference; lastKnownFileType = file.storyboard; name = en; path = en.lproj/MainStoryboard.storyboard; sourceTree = "<group>"; };
		8703ACBF1513F841002FE357 /* PQMapViewController.h */ = {isa = PBXFileReference; lastKnownFileType = sourcecode.c.h; path = PQMapViewController.h; sourceTree = "<group>"; };
		8703ACC01513F841002FE357 /* PQMapViewController.m */ = {isa = PBXFileReference; lastKnownFileType = sourcecode.c.objc; path = PQMapViewController.m; sourceTree = "<group>"; };
		8703ACC71513F9D5002FE357 /* MapKit.framework */ = {isa = PBXFileReference; lastKnownFileType = wrapper.framework; name = MapKit.framework; path = System/Library/Frameworks/MapKit.framework; sourceTree = SDKROOT; };
		8703ACC91513FB46002FE357 /* CoreLocation.framework */ = {isa = PBXFileReference; lastKnownFileType = wrapper.framework; name = CoreLocation.framework; path = System/Library/Frameworks/CoreLocation.framework; sourceTree = SDKROOT; };
		8703ACD71513FC32002FE357 /* icon.png */ = {isa = PBXFileReference; lastKnownFileType = image.png; path = icon.png; sourceTree = "<group>"; };
		8703ACD91513FC36002FE357 /* icon@2x.png */ = {isa = PBXFileReference; lastKnownFileType = image.png; path = "icon@2x.png"; sourceTree = "<group>"; };
		8705F842157D43530013DF29 /* CoreData.framework */ = {isa = PBXFileReference; lastKnownFileType = wrapper.framework; name = CoreData.framework; path = System/Library/Frameworks/CoreData.framework; sourceTree = SDKROOT; };
		8705F863157E9A6C0013DF29 /* colon.png */ = {isa = PBXFileReference; lastKnownFileType = image.png; path = colon.png; sourceTree = "<group>"; };
		8705F87D157EB9EC0013DF29 /* QuartzCore.framework */ = {isa = PBXFileReference; lastKnownFileType = wrapper.framework; name = QuartzCore.framework; path = System/Library/Frameworks/QuartzCore.framework; sourceTree = SDKROOT; };
		871E20FC152CD54C00D9452A /* UIColor+Parq.h */ = {isa = PBXFileReference; fileEncoding = 4; lastKnownFileType = sourcecode.c.h; path = "UIColor+Parq.h"; sourceTree = "<group>"; };
		871E20FD152CD54C00D9452A /* UIColor+Parq.m */ = {isa = PBXFileReference; fileEncoding = 4; lastKnownFileType = sourcecode.c.objc; path = "UIColor+Parq.m"; sourceTree = "<group>"; };
		871E2103152CE02100D9452A /* settings.png */ = {isa = PBXFileReference; lastKnownFileType = image.png; path = settings.png; sourceTree = "<group>"; };
		871E2105152CF22A00D9452A /* avail_gradient.png */ = {isa = PBXFileReference; lastKnownFileType = image.png; path = avail_gradient.png; sourceTree = "<group>"; };
		8730EB22151BBD1500E7A7F8 /* libobjc.A.dylib */ = {isa = PBXFileReference; lastKnownFileType = "compiled.mach-o.dylib"; name = libobjc.A.dylib; path = usr/lib/libobjc.A.dylib; sourceTree = SDKROOT; };
		873F8F2D154F257F002FB511 /* check_empty.png */ = {isa = PBXFileReference; lastKnownFileType = image.png; path = check_empty.png; sourceTree = "<group>"; };
		873F8F2E154F257F002FB511 /* check.png */ = {isa = PBXFileReference; lastKnownFileType = image.png; path = check.png; sourceTree = "<group>"; };
		87418A861577D31500CACCCA /* PQParkedCarMapViewController.h */ = {isa = PBXFileReference; fileEncoding = 4; lastKnownFileType = sourcecode.c.h; path = PQParkedCarMapViewController.h; sourceTree = "<group>"; };
		87418A871577D31500CACCCA /* PQParkedCarMapViewController.m */ = {isa = PBXFileReference; fileEncoding = 4; lastKnownFileType = sourcecode.c.objc; path = PQParkedCarMapViewController.m; sourceTree = "<group>"; };
		87418A9515780B1C00CACCCA /* PQParkedCarAnnotation.h */ = {isa = PBXFileReference; fileEncoding = 4; lastKnownFileType = sourcecode.c.h; path = PQParkedCarAnnotation.h; sourceTree = "<group>"; };
		87418A9615780B1C00CACCCA /* PQParkedCarAnnotation.m */ = {isa = PBXFileReference; fileEncoding = 4; lastKnownFileType = sourcecode.c.objc; path = PQParkedCarAnnotation.m; sourceTree = "<group>"; };
		876702E31550667700318941 /* prepaid.png */ = {isa = PBXFileReference; lastKnownFileType = image.png; path = prepaid.png; sourceTree = "<group>"; };
		8791F9BF1533804000525267 /* PQCallout.h */ = {isa = PBXFileReference; fileEncoding = 4; lastKnownFileType = sourcecode.c.h; path = PQCallout.h; sourceTree = "<group>"; };
		8791F9C01533804000525267 /* PQCallout.m */ = {isa = PBXFileReference; fileEncoding = 4; lastKnownFileType = sourcecode.c.objc; path = PQCallout.m; sourceTree = "<group>"; };
		8791F9CC153383E500525267 /* CalloutMapAnnotationView.h */ = {isa = PBXFileReference; fileEncoding = 4; lastKnownFileType = sourcecode.c.h; path = CalloutMapAnnotationView.h; sourceTree = "<group>"; };
		8791F9CD153383E500525267 /* CalloutMapAnnotationView.m */ = {isa = PBXFileReference; fileEncoding = 4; lastKnownFileType = sourcecode.c.objc; path = CalloutMapAnnotationView.m; sourceTree = "<group>"; };
		8791F9D215338DD300525267 /* CalloutMapAnnotation.h */ = {isa = PBXFileReference; fileEncoding = 4; lastKnownFileType = sourcecode.c.h; path = CalloutMapAnnotation.h; sourceTree = "<group>"; };
		8791F9D315338DD300525267 /* CalloutMapAnnotation.m */ = {isa = PBXFileReference; fileEncoding = 4; lastKnownFileType = sourcecode.c.objc; path = CalloutMapAnnotation.m; sourceTree = "<group>"; };
		879B298A1550862E00017E2F /* OCRBStd.otf */ = {isa = PBXFileReference; lastKnownFileType = file; path = OCRBStd.otf; sourceTree = "<group>"; };
		87AE9EFA152F918300069153 /* MKShape+Color.h */ = {isa = PBXFileReference; fileEncoding = 4; lastKnownFileType = sourcecode.c.h; path = "MKShape+Color.h"; sourceTree = "<group>"; };
		87AE9EFB152F918300069153 /* MKShape+Color.m */ = {isa = PBXFileReference; fileEncoding = 4; lastKnownFileType = sourcecode.c.objc; path = "MKShape+Color.m"; sourceTree = "<group>"; };
		87E1BE58154741190095E92D /* left_arrow.png */ = {isa = PBXFileReference; lastKnownFileType = image.png; path = left_arrow.png; sourceTree = "<group>"; };
		87E1BE59154741190095E92D /* right_arrow.png */ = {isa = PBXFileReference; lastKnownFileType = image.png; path = right_arrow.png; sourceTree = "<group>"; };
		87E1BE5D1548640E0095E92D /* meter.png */ = {isa = PBXFileReference; lastKnownFileType = image.png; path = meter.png; sourceTree = "<group>"; };
		87E1BE5F1548806E0095E92D /* green_button.png */ = {isa = PBXFileReference; lastKnownFileType = image.png; path = green_button.png; sourceTree = "<group>"; };
		87E1BE601548806E0095E92D /* red_button.png */ = {isa = PBXFileReference; lastKnownFileType = image.png; path = red_button.png; sourceTree = "<group>"; };
		87E1BE63154888CE0095E92D /* grey_tabs_bar.png */ = {isa = PBXFileReference; lastKnownFileType = image.png; path = grey_tabs_bar.png; sourceTree = "<group>"; };
		87E1BE65154A08D70095E92D /* PQParkingViewController.h */ = {isa = PBXFileReference; fileEncoding = 4; lastKnownFileType = sourcecode.c.h; path = PQParkingViewController.h; sourceTree = "<group>"; };
		87E1BE66154A08D80095E92D /* PQParkingViewController.m */ = {isa = PBXFileReference; fileEncoding = 4; lastKnownFileType = sourcecode.c.objc; path = PQParkingViewController.m; sourceTree = "<group>"; };
		87E1BE68154B35270095E92D /* payg.png */ = {isa = PBXFileReference; lastKnownFileType = image.png; path = payg.png; sourceTree = "<group>"; };
		FC48562E1577FD37002C4479 /* DataLayer.h */ = {isa = PBXFileReference; fileEncoding = 4; lastKnownFileType = sourcecode.c.h; path = DataLayer.h; sourceTree = "<group>"; };
		FC48562F1577FD37002C4479 /* DataLayer.m */ = {isa = PBXFileReference; fileEncoding = 4; lastKnownFileType = sourcecode.c.objc; path = DataLayer.m; sourceTree = "<group>"; };
		FC772758157C2C8C005DEBEA /* Segment.h */ = {isa = PBXFileReference; fileEncoding = 4; lastKnownFileType = sourcecode.c.h; path = Segment.h; sourceTree = "<group>"; };
		FC772759157C2C8C005DEBEA /* Segment.m */ = {isa = PBXFileReference; fileEncoding = 4; lastKnownFileType = sourcecode.c.objc; path = Segment.m; sourceTree = "<group>"; };
		FC7CE863157943620059EE43 /* NetworkLayer.h */ = {isa = PBXFileReference; fileEncoding = 4; lastKnownFileType = sourcecode.c.h; path = NetworkLayer.h; sourceTree = "<group>"; };
		FC7CE864157943630059EE43 /* NetworkLayer.m */ = {isa = PBXFileReference; fileEncoding = 4; lastKnownFileType = sourcecode.c.objc; path = NetworkLayer.m; sourceTree = "<group>"; };
		FCF937BF157D49190062A5A1 /* parq.xcdatamodel */ = {isa = PBXFileReference; lastKnownFileType = wrapper.xcdatamodel; path = parq.xcdatamodel; sourceTree = "<group>"; };
		FCF937C8157D4A970062A5A1 /* Grid.h */ = {isa = PBXFileReference; fileEncoding = 4; lastKnownFileType = sourcecode.c.h; name = Grid.h; path = "parq-ios2/Grid.h"; sourceTree = "<group>"; };
		FCF937C9157D4A970062A5A1 /* Grid.m */ = {isa = PBXFileReference; fileEncoding = 4; lastKnownFileType = sourcecode.c.objc; name = Grid.m; path = "parq-ios2/Grid.m"; sourceTree = "<group>"; };
		FCF937CB157D4AA50062A5A1 /* Street.h */ = {isa = PBXFileReference; fileEncoding = 4; lastKnownFileType = sourcecode.c.h; name = Street.h; path = "parq-ios2/Street.h"; sourceTree = "<group>"; };
		FCF937CC157D4AA50062A5A1 /* Street.m */ = {isa = PBXFileReference; fileEncoding = 4; lastKnownFileType = sourcecode.c.objc; name = Street.m; path = "parq-ios2/Street.m"; sourceTree = "<group>"; };
		FCF937CE157D4AB20062A5A1 /* Spot.h */ = {isa = PBXFileReference; fileEncoding = 4; lastKnownFileType = sourcecode.c.h; name = Spot.h; path = "parq-ios2/Spot.h"; sourceTree = "<group>"; };
		FCF937CF157D4AB20062A5A1 /* Spot.m */ = {isa = PBXFileReference; fileEncoding = 4; lastKnownFileType = sourcecode.c.objc; name = Spot.m; path = "parq-ios2/Spot.m"; sourceTree = "<group>"; };
		FCF937D1157D4ABF0062A5A1 /* Waypoint.h */ = {isa = PBXFileReference; fileEncoding = 4; lastKnownFileType = sourcecode.c.h; name = Waypoint.h; path = "parq-ios2/Waypoint.h"; sourceTree = "<group>"; };
		FCF937D2157D4ABF0062A5A1 /* Waypoint.m */ = {isa = PBXFileReference; fileEncoding = 4; lastKnownFileType = sourcecode.c.objc; name = Waypoint.m; path = "parq-ios2/Waypoint.m"; sourceTree = "<group>"; };
/* End PBXFileReference section */

/* Begin PBXFrameworksBuildPhase section */
		8703ACA31513F841002FE357 /* Frameworks */ = {
			isa = PBXFrameworksBuildPhase;
			buildActionMask = 2147483647;
			files = (
				8705F87E157EB9EC0013DF29 /* QuartzCore.framework in Frameworks */,
				8705F843157D43530013DF29 /* CoreData.framework in Frameworks */,
				8730EB23151BBD1500E7A7F8 /* libobjc.A.dylib in Frameworks */,
				8703ACCA1513FB46002FE357 /* CoreLocation.framework in Frameworks */,
				8703ACC81513F9D5002FE357 /* MapKit.framework in Frameworks */,
				8703ACAB1513F841002FE357 /* UIKit.framework in Frameworks */,
				8703ACAD1513F841002FE357 /* Foundation.framework in Frameworks */,
				8703ACAF1513F841002FE357 /* CoreGraphics.framework in Frameworks */,
			);
			runOnlyForDeploymentPostprocessing = 0;
		};
/* End PBXFrameworksBuildPhase section */

/* Begin PBXGroup section */
		8703AC9B1513F841002FE357 = {
			isa = PBXGroup;
			children = (
				8703ACDF1513FC84002FE357 /* Resources */,
				8703ACB01513F841002FE357 /* parq-ios2 */,
				8703ACA91513F841002FE357 /* Frameworks */,
				8703ACA71513F841002FE357 /* Products */,
				8791F9CA153383BA00525267 /* Shared */,
			);
			sourceTree = "<group>";
		};
		8703ACA71513F841002FE357 /* Products */ = {
			isa = PBXGroup;
			children = (
				8703ACA61513F841002FE357 /* Parq.app */,
			);
			name = Products;
			sourceTree = "<group>";
		};
		8703ACA91513F841002FE357 /* Frameworks */ = {
			isa = PBXGroup;
			children = (
				8705F87D157EB9EC0013DF29 /* QuartzCore.framework */,
				8705F842157D43530013DF29 /* CoreData.framework */,
				8730EB22151BBD1500E7A7F8 /* libobjc.A.dylib */,
				8703ACC91513FB46002FE357 /* CoreLocation.framework */,
				8703ACC71513F9D5002FE357 /* MapKit.framework */,
				8703ACAA1513F841002FE357 /* UIKit.framework */,
				8703ACAC1513F841002FE357 /* Foundation.framework */,
				8703ACAE1513F841002FE357 /* CoreGraphics.framework */,
			);
			name = Frameworks;
			sourceTree = "<group>";
		};
		8703ACB01513F841002FE357 /* parq-ios2 */ = {
			isa = PBXGroup;
			children = (
				FCF937BE157D49190062A5A1 /* parq.xcdatamodeld */,
				87AE9EFA152F918300069153 /* MKShape+Color.h */,
				87AE9EFB152F918300069153 /* MKShape+Color.m */,
				8703ACB91513F841002FE357 /* PQAppDelegate.h */,
				8703ACBA1513F841002FE357 /* PQAppDelegate.m */,
				8791F9BF1533804000525267 /* PQCallout.h */,
				8791F9C01533804000525267 /* PQCallout.m */,
				8703ACBC1513F841002FE357 /* MainStoryboard.storyboard */,
				87418A861577D31500CACCCA /* PQParkedCarMapViewController.h */,
				87418A871577D31500CACCCA /* PQParkedCarMapViewController.m */,
				87E1BE65154A08D70095E92D /* PQParkingViewController.h */,
				87E1BE66154A08D80095E92D /* PQParkingViewController.m */,
				8703ACBF1513F841002FE357 /* PQMapViewController.h */,
				8703ACC01513F841002FE357 /* PQMapViewController.m */,
				87418A9515780B1C00CACCCA /* PQParkedCarAnnotation.h */,
				87418A9615780B1C00CACCCA /* PQParkedCarAnnotation.m */,
				871E20FC152CD54C00D9452A /* UIColor+Parq.h */,
				871E20FD152CD54C00D9452A /* UIColor+Parq.m */,
				8703ACB11513F841002FE357 /* Supporting Files */,
				FC48562E1577FD37002C4479 /* DataLayer.h */,
				FC48562F1577FD37002C4479 /* DataLayer.m */,
				FC7CE863157943620059EE43 /* NetworkLayer.h */,
				FC7CE864157943630059EE43 /* NetworkLayer.m */,
				FC772758157C2C8C005DEBEA /* Segment.h */,
				FC772759157C2C8C005DEBEA /* Segment.m */,
			);
			path = "parq-ios2";
			sourceTree = "<group>";
		};
		8703ACB11513F841002FE357 /* Supporting Files */ = {
			isa = PBXGroup;
			children = (
				8703ACB21513F841002FE357 /* Parq-Info.plist */,
				8703ACB31513F841002FE357 /* InfoPlist.strings */,
				8703ACB61513F841002FE357 /* main.m */,
				8703ACB81513F841002FE357 /* Parq-Prefix.pch */,
			);
			name = "Supporting Files";
			sourceTree = "<group>";
		};
		8703ACDF1513FC84002FE357 /* Resources */ = {
			isa = PBXGroup;
			children = (
				FC7CE851157902630059EE43 /* Model Class */,
				87E1BE72154B52280095E92D /* Fonts */,
				8703ACE01513FC8E002FE357 /* Images */,
			);
			name = Resources;
			sourceTree = "<group>";
		};
		8703ACE01513FC8E002FE357 /* Images */ = {
			isa = PBXGroup;
			children = (
				871E2105152CF22A00D9452A /* avail_gradient.png */,
				8703ACD91513FC36002FE357 /* icon@2x.png */,
				8703ACD71513FC32002FE357 /* icon.png */,
				873F8F2D154F257F002FB511 /* check_empty.png */,
				873F8F2E154F257F002FB511 /* check.png */,
				8705F863157E9A6C0013DF29 /* colon.png */,
				87E1BE63154888CE0095E92D /* grey_tabs_bar.png */,
				87E1BE5F1548806E0095E92D /* green_button.png */,
				87E1BE601548806E0095E92D /* red_button.png */,
				87E1BE5D1548640E0095E92D /* meter.png */,
				87E1BE68154B35270095E92D /* payg.png */,
				876702E31550667700318941 /* prepaid.png */,
				87E1BE58154741190095E92D /* left_arrow.png */,
				87E1BE59154741190095E92D /* right_arrow.png */,
				871E2103152CE02100D9452A /* settings.png */,
			);
			name = Images;
			sourceTree = "<group>";
		};
		8791F9CA153383BA00525267 /* Shared */ = {
			isa = PBXGroup;
			children = (
				8791F9CB153383D400525267 /* Asynchrony Solutions */,
			);
			name = Shared;
			path = "parq-ios2";
			sourceTree = "<group>";
		};
		8791F9CB153383D400525267 /* Asynchrony Solutions */ = {
			isa = PBXGroup;
			children = (
				8791F9D215338DD300525267 /* CalloutMapAnnotation.h */,
				8791F9D315338DD300525267 /* CalloutMapAnnotation.m */,
				8791F9CC153383E500525267 /* CalloutMapAnnotationView.h */,
				8791F9CD153383E500525267 /* CalloutMapAnnotationView.m */,
			);
			name = "Asynchrony Solutions";
			sourceTree = "<group>";
		};
		87E1BE72154B52280095E92D /* Fonts */ = {
			isa = PBXGroup;
			children = (
				879B298A1550862E00017E2F /* OCRBStd.otf */,
			);
			name = Fonts;
			sourceTree = "<group>";
		};
		FC7CE851157902630059EE43 /* Model Class */ = {
			isa = PBXGroup;
			children = (
				FCF937C8157D4A970062A5A1 /* Grid.h */,
				FCF937C9157D4A970062A5A1 /* Grid.m */,
				FCF937D1157D4ABF0062A5A1 /* Waypoint.h */,
				FCF937D2157D4ABF0062A5A1 /* Waypoint.m */,
				FCF937CE157D4AB20062A5A1 /* Spot.h */,
				FCF937CF157D4AB20062A5A1 /* Spot.m */,
				FCF937CB157D4AA50062A5A1 /* Street.h */,
				FCF937CC157D4AA50062A5A1 /* Street.m */,
			);
			name = "Model Class";
			sourceTree = "<group>";
		};
/* End PBXGroup section */

/* Begin PBXNativeTarget section */
		8703ACA51513F841002FE357 /* Parq */ = {
			isa = PBXNativeTarget;
			buildConfigurationList = 8703ACC41513F841002FE357 /* Build configuration list for PBXNativeTarget "Parq" */;
			buildPhases = (
				8703ACA21513F841002FE357 /* Sources */,
				8703ACA31513F841002FE357 /* Frameworks */,
				8703ACA41513F841002FE357 /* Resources */,
			);
			buildRules = (
			);
			dependencies = (
			);
			name = Parq;
			productName = "parq-ios2";
			productReference = 8703ACA61513F841002FE357 /* Parq.app */;
			productType = "com.apple.product-type.application";
		};
/* End PBXNativeTarget section */

/* Begin PBXProject section */
		8703AC9D1513F841002FE357 /* Project object */ = {
			isa = PBXProject;
			attributes = {
				LastUpgradeCheck = 0430;
				ORGANIZATIONNAME = "Massachusetts Institute of Technology";
			};
			buildConfigurationList = 8703ACA01513F841002FE357 /* Build configuration list for PBXProject "Parq" */;
			compatibilityVersion = "Xcode 3.2";
			developmentRegion = English;
			hasScannedForEncodings = 0;
			knownRegions = (
				en,
			);
			mainGroup = 8703AC9B1513F841002FE357;
			productRefGroup = 8703ACA71513F841002FE357 /* Products */;
			projectDirPath = "";
			projectRoot = "";
			targets = (
				8703ACA51513F841002FE357 /* Parq */,
			);
		};
/* End PBXProject section */

/* Begin PBXResourcesBuildPhase section */
		8703ACA41513F841002FE357 /* Resources */ = {
			isa = PBXResourcesBuildPhase;
			buildActionMask = 2147483647;
			files = (
				8703ACB51513F841002FE357 /* InfoPlist.strings in Resources */,
				8703ACBE1513F841002FE357 /* MainStoryboard.storyboard in Resources */,
				8703ACD81513FC32002FE357 /* icon.png in Resources */,
				8703ACDA1513FC36002FE357 /* icon@2x.png in Resources */,
				871E2104152CE02100D9452A /* settings.png in Resources */,
				871E2106152CF22A00D9452A /* avail_gradient.png in Resources */,
				87E1BE5A154741190095E92D /* left_arrow.png in Resources */,
				87E1BE5B154741190095E92D /* right_arrow.png in Resources */,
				87E1BE5E1548640E0095E92D /* meter.png in Resources */,
				87E1BE61154880700095E92D /* green_button.png in Resources */,
				87E1BE62154880700095E92D /* red_button.png in Resources */,
				87E1BE64154888CE0095E92D /* grey_tabs_bar.png in Resources */,
				87E1BE69154B35270095E92D /* payg.png in Resources */,
				873F8F2F154F257F002FB511 /* check_empty.png in Resources */,
				873F8F30154F257F002FB511 /* check.png in Resources */,
				876702E41550667700318941 /* prepaid.png in Resources */,
				879B298B1550862E00017E2F /* OCRBStd.otf in Resources */,
				8705F864157E9A6C0013DF29 /* colon.png in Resources */,
			);
			runOnlyForDeploymentPostprocessing = 0;
		};
/* End PBXResourcesBuildPhase section */

/* Begin PBXSourcesBuildPhase section */
		8703ACA21513F841002FE357 /* Sources */ = {
			isa = PBXSourcesBuildPhase;
			buildActionMask = 2147483647;
			files = (
				FCF937C5157D4A780062A5A1 /* DataLayer.m in Sources */,
				FCF937C6157D4A780062A5A1 /* NetworkLayer.m in Sources */,
				FCF937C7157D4A780062A5A1 /* Segment.m in Sources */,
				FCF937C4157D497F0062A5A1 /* parq.xcdatamodeld in Sources */,
				8703ACB71513F841002FE357 /* main.m in Sources */,
				8703ACBB1513F841002FE357 /* PQAppDelegate.m in Sources */,
				8703ACC11513F841002FE357 /* PQMapViewController.m in Sources */,
				871E20FE152CD54C00D9452A /* UIColor+Parq.m in Sources */,
				87AE9EFC152F918300069153 /* MKShape+Color.m in Sources */,
				8791F9C11533804000525267 /* PQCallout.m in Sources */,
				8791F9CE153383E500525267 /* CalloutMapAnnotationView.m in Sources */,
				8791F9D415338DD300525267 /* CalloutMapAnnotation.m in Sources */,
				87E1BE67154A08D80095E92D /* PQParkingViewController.m in Sources */,
				87418A881577D31500CACCCA /* PQParkedCarMapViewController.m in Sources */,
				87418A9715780B1C00CACCCA /* PQParkedCarAnnotation.m in Sources */,
				FCF937CA157D4A970062A5A1 /* Grid.m in Sources */,
				FCF937CD157D4AA50062A5A1 /* Street.m in Sources */,
				FCF937D0157D4AB30062A5A1 /* Spot.m in Sources */,
				FCF937D3157D4ABF0062A5A1 /* Waypoint.m in Sources */,
			);
			runOnlyForDeploymentPostprocessing = 0;
		};
/* End PBXSourcesBuildPhase section */

/* Begin PBXVariantGroup section */
		8703ACB31513F841002FE357 /* InfoPlist.strings */ = {
			isa = PBXVariantGroup;
			children = (
				8703ACB41513F841002FE357 /* en */,
			);
			name = InfoPlist.strings;
			sourceTree = "<group>";
		};
		8703ACBC1513F841002FE357 /* MainStoryboard.storyboard */ = {
			isa = PBXVariantGroup;
			children = (
				8703ACBD1513F841002FE357 /* en */,
			);
			name = MainStoryboard.storyboard;
			sourceTree = "<group>";
		};
/* End PBXVariantGroup section */

/* Begin XCBuildConfiguration section */
		8703ACC21513F841002FE357 /* Debug */ = {
			isa = XCBuildConfiguration;
			buildSettings = {
				ALWAYS_SEARCH_USER_PATHS = NO;
				ARCHS = "$(ARCHS_STANDARD_32_BIT)";
				CLANG_ENABLE_OBJC_ARC = YES;
				"CODE_SIGN_IDENTITY[sdk=iphoneos*]" = "iPhone Developer";
				COPY_PHASE_STRIP = NO;
				GCC_C_LANGUAGE_STANDARD = gnu99;
				GCC_DYNAMIC_NO_PIC = NO;
				GCC_OPTIMIZATION_LEVEL = 0;
				GCC_PREPROCESSOR_DEFINITIONS = (
					"DEBUG=1",
					"$(inherited)",
				);
				GCC_SYMBOLS_PRIVATE_EXTERN = NO;
				GCC_VERSION = com.apple.compilers.llvm.clang.1_0;
				GCC_WARN_ABOUT_MISSING_PROTOTYPES = YES;
				GCC_WARN_ABOUT_RETURN_TYPE = YES;
				GCC_WARN_UNUSED_VARIABLE = YES;
				IPHONEOS_DEPLOYMENT_TARGET = 5.0;
				SDKROOT = iphoneos;
			};
			name = Debug;
		};
		8703ACC31513F841002FE357 /* Release */ = {
			isa = XCBuildConfiguration;
			buildSettings = {
				ALWAYS_SEARCH_USER_PATHS = NO;
				ARCHS = "$(ARCHS_STANDARD_32_BIT)";
				CLANG_ENABLE_OBJC_ARC = YES;
				"CODE_SIGN_IDENTITY[sdk=iphoneos*]" = "iPhone Developer";
				COPY_PHASE_STRIP = YES;
				GCC_C_LANGUAGE_STANDARD = gnu99;
				GCC_VERSION = com.apple.compilers.llvm.clang.1_0;
				GCC_WARN_ABOUT_MISSING_PROTOTYPES = YES;
				GCC_WARN_ABOUT_RETURN_TYPE = YES;
				GCC_WARN_UNUSED_VARIABLE = YES;
				IPHONEOS_DEPLOYMENT_TARGET = 5.0;
				OTHER_CFLAGS = "-DNS_BLOCK_ASSERTIONS=1";
				SDKROOT = iphoneos;
				VALIDATE_PRODUCT = YES;
			};
			name = Release;
		};
		8703ACC51513F841002FE357 /* Debug */ = {
			isa = XCBuildConfiguration;
			buildSettings = {
				GCC_PRECOMPILE_PREFIX_HEADER = YES;
				GCC_PREFIX_HEADER = "parq-ios2/Parq-Prefix.pch";
				INFOPLIST_FILE = "parq-ios2/Parq-Info.plist";
				PRODUCT_NAME = Parq;
				WRAPPER_EXTENSION = app;
			};
			name = Debug;
		};
		8703ACC61513F841002FE357 /* Release */ = {
			isa = XCBuildConfiguration;
			buildSettings = {
				GCC_PRECOMPILE_PREFIX_HEADER = YES;
				GCC_PREFIX_HEADER = "parq-ios2/Parq-Prefix.pch";
				INFOPLIST_FILE = "parq-ios2/Parq-Info.plist";
				PRODUCT_NAME = Parq;
				WRAPPER_EXTENSION = app;
			};
			name = Release;
		};
/* End XCBuildConfiguration section */

/* Begin XCConfigurationList section */
		8703ACA01513F841002FE357 /* Build configuration list for PBXProject "Parq" */ = {
			isa = XCConfigurationList;
			buildConfigurations = (
				8703ACC21513F841002FE357 /* Debug */,
				8703ACC31513F841002FE357 /* Release */,
			);
			defaultConfigurationIsVisible = 0;
			defaultConfigurationName = Release;
		};
		8703ACC41513F841002FE357 /* Build configuration list for PBXNativeTarget "Parq" */ = {
			isa = XCConfigurationList;
			buildConfigurations = (
				8703ACC51513F841002FE357 /* Debug */,
				8703ACC61513F841002FE357 /* Release */,
			);
			defaultConfigurationIsVisible = 0;
			defaultConfigurationName = Release;
		};
/* End XCConfigurationList section */

/* Begin XCVersionGroup section */
		FCF937BE157D49190062A5A1 /* parq.xcdatamodeld */ = {
			isa = XCVersionGroup;
			children = (
				FCF937BF157D49190062A5A1 /* parq.xcdatamodel */,
			);
			currentVersion = FCF937BF157D49190062A5A1 /* parq.xcdatamodel */;
			path = parq.xcdatamodeld;
			sourceTree = "<group>";
			versionGroupType = wrapper.xcdatamodel;
		};
/* End XCVersionGroup section */
	};
	rootObject = 8703AC9D1513F841002FE357 /* Project object */;
}
