// !$*UTF8*$!
{
	archiveVersion = 1;
	classes = {
	};
	objectVersion = 46;
	objects = {

/* Begin PBXBuildFile section */
		8703ACAB1513F841002FE357 /* UIKit.framework in Frameworks */ = {isa = PBXBuildFile; fileRef = 8703ACAA1513F841002FE357 /* UIKit.framework */; };
		8703ACAD1513F841002FE357 /* Foundation.framework in Frameworks */ = {isa = PBXBuildFile; fileRef = 8703ACAC1513F841002FE357 /* Foundation.framework */; };
		8703ACAF1513F841002FE357 /* CoreGraphics.framework in Frameworks */ = {isa = PBXBuildFile; fileRef = 8703ACAE1513F841002FE357 /* CoreGraphics.framework */; };
		8703ACB51513F841002FE357 /* InfoPlist.strings in Resources */ = {isa = PBXBuildFile; fileRef = 8703ACB31513F841002FE357 /* InfoPlist.strings */; };
		8703ACB71513F841002FE357 /* main.m in Sources */ = {isa = PBXBuildFile; fileRef = 8703ACB61513F841002FE357 /* main.m */; };
		8703ACBB1513F841002FE357 /* PQAppDelegate.m in Sources */ = {isa = PBXBuildFile; fileRef = 8703ACBA1513F841002FE357 /* PQAppDelegate.m */; };
		8703ACBE1513F841002FE357 /* MainStoryboard.storyboard in Resources */ = {isa = PBXBuildFile; fileRef = 8703ACBC1513F841002FE357 /* MainStoryboard.storyboard */; };
		8703ACC11513F841002FE357 /* PQMapViewController.m in Sources */ = {isa = PBXBuildFile; fileRef = 8703ACC01513F841002FE357 /* PQMapViewController.m */; };
		8703ACC81513F9D5002FE357 /* MapKit.framework in Frameworks */ = {isa = PBXBuildFile; fileRef = 8703ACC71513F9D5002FE357 /* MapKit.framework */; };
		8703ACCA1513FB46002FE357 /* CoreLocation.framework in Frameworks */ = {isa = PBXBuildFile; fileRef = 8703ACC91513FB46002FE357 /* CoreLocation.framework */; };
		8703ACD81513FC32002FE357 /* icon.png in Resources */ = {isa = PBXBuildFile; fileRef = 8703ACD71513FC32002FE357 /* icon.png */; };
		8703ACDA1513FC36002FE357 /* icon@2x.png in Resources */ = {isa = PBXBuildFile; fileRef = 8703ACD91513FC36002FE357 /* icon@2x.png */; };
		8705F843157D43530013DF29 /* CoreData.framework in Frameworks */ = {isa = PBXBuildFile; fileRef = 8705F842157D43530013DF29 /* CoreData.framework */; };
		8705F864157E9A6C0013DF29 /* colon.png in Resources */ = {isa = PBXBuildFile; fileRef = 8705F863157E9A6C0013DF29 /* colon.png */; };
		8705F87E157EB9EC0013DF29 /* QuartzCore.framework in Frameworks */ = {isa = PBXBuildFile; fileRef = 8705F87D157EB9EC0013DF29 /* QuartzCore.framework */; };
		871E20FE152CD54C00D9452A /* UIColor+Parq.m in Sources */ = {isa = PBXBuildFile; fileRef = 871E20FD152CD54C00D9452A /* UIColor+Parq.m */; };
		871E2104152CE02100D9452A /* settings.png in Resources */ = {isa = PBXBuildFile; fileRef = 871E2103152CE02100D9452A /* settings.png */; };
		871E2106152CF22A00D9452A /* gradient_avail.png in Resources */ = {isa = PBXBuildFile; fileRef = 871E2105152CF22A00D9452A /* gradient_avail.png */; };
		8730EB23151BBD1500E7A7F8 /* libobjc.A.dylib in Frameworks */ = {isa = PBXBuildFile; fileRef = 8730EB22151BBD1500E7A7F8 /* libobjc.A.dylib */; };
		873F8F2F154F257F002FB511 /* check_empty.png in Resources */ = {isa = PBXBuildFile; fileRef = 873F8F2D154F257F002FB511 /* check_empty.png */; };
		873F8F30154F257F002FB511 /* check.png in Resources */ = {isa = PBXBuildFile; fileRef = 873F8F2E154F257F002FB511 /* check.png */; };
		87418A881577D31500CACCCA /* PQParkedCarMapViewController.m in Sources */ = {isa = PBXBuildFile; fileRef = 87418A871577D31500CACCCA /* PQParkedCarMapViewController.m */; };
		87418A9715780B1C00CACCCA /* PQParkedCarAnnotation.m in Sources */ = {isa = PBXBuildFile; fileRef = 87418A9615780B1C00CACCCA /* PQParkedCarAnnotation.m */; };
		876702E41550667700318941 /* prepaid.png in Resources */ = {isa = PBXBuildFile; fileRef = 876702E31550667700318941 /* prepaid.png */; };
		8791F9C11533804000525267 /* PQCallout.m in Sources */ = {isa = PBXBuildFile; fileRef = 8791F9C01533804000525267 /* PQCallout.m */; };
		8791F9CE153383E500525267 /* CalloutMapAnnotationView.m in Sources */ = {isa = PBXBuildFile; fileRef = 8791F9CD153383E500525267 /* CalloutMapAnnotationView.m */; };
		8791F9D415338DD300525267 /* CalloutMapAnnotation.m in Sources */ = {isa = PBXBuildFile; fileRef = 8791F9D315338DD300525267 /* CalloutMapAnnotation.m */; };
		879B298B1550862E00017E2F /* OCRBStd.otf in Resources */ = {isa = PBXBuildFile; fileRef = 879B298A1550862E00017E2F /* OCRBStd.otf */; };
		87ABC3AB1582BC4400030005 /* PQSpotAnnotation.m in Sources */ = {isa = PBXBuildFile; fileRef = 87ABC3AA1582BC4400030005 /* PQSpotAnnotation.m */; };
		87ABC3B91582DBF900030005 /* spot_free.png in Resources */ = {isa = PBXBuildFile; fileRef = 87ABC3B71582DBF900030005 /* spot_free.png */; };
		87ABC3BA1582DBF900030005 /* spot_occupied.png in Resources */ = {isa = PBXBuildFile; fileRef = 87ABC3B81582DBF900030005 /* spot_occupied.png */; };
		87AE9EFC152F918300069153 /* MKShape+Color.m in Sources */ = {isa = PBXBuildFile; fileRef = 87AE9EFB152F918300069153 /* MKShape+Color.m */; };
		87C0522515812EC100A64552 /* gradient_none.png in Resources */ = {isa = PBXBuildFile; fileRef = 87C0522315812EC100A64552 /* gradient_none.png */; };
		87C0522615812EC100A64552 /* gradient_price.png in Resources */ = {isa = PBXBuildFile; fileRef = 87C0522415812EC100A64552 /* gradient_price.png */; };
		87C05228158152CC00A64552 /* meter_prepaid.png in Resources */ = {isa = PBXBuildFile; fileRef = 87C05227158152CC00A64552 /* meter_prepaid.png */; };
		87E1BE5A154741190095E92D /* left_arrow.png in Resources */ = {isa = PBXBuildFile; fileRef = 87E1BE58154741190095E92D /* left_arrow.png */; };
		87E1BE5B154741190095E92D /* right_arrow.png in Resources */ = {isa = PBXBuildFile; fileRef = 87E1BE59154741190095E92D /* right_arrow.png */; };
		87E1BE5E1548640E0095E92D /* meter_payg.png in Resources */ = {isa = PBXBuildFile; fileRef = 87E1BE5D1548640E0095E92D /* meter_payg.png */; };
		87E1BE61154880700095E92D /* green_button.png in Resources */ = {isa = PBXBuildFile; fileRef = 87E1BE5F1548806E0095E92D /* green_button.png */; };
		87E1BE62154880700095E92D /* red_button.png in Resources */ = {isa = PBXBuildFile; fileRef = 87E1BE601548806E0095E92D /* red_button.png */; };
		87E1BE64154888CE0095E92D /* grey_tabs_bar.png in Resources */ = {isa = PBXBuildFile; fileRef = 87E1BE63154888CE0095E92D /* grey_tabs_bar.png */; };
		87E1BE67154A08D80095E92D /* PQParkingViewController.m in Sources */ = {isa = PBXBuildFile; fileRef = 87E1BE66154A08D80095E92D /* PQParkingViewController.m */; };
		87E1BE69154B35270095E92D /* payg.png in Resources */ = {isa = PBXBuildFile; fileRef = 87E1BE68154B35270095E92D /* payg.png */; };
		FC08BB7B1590D1F40077659C /* PQSettingsViewController.m in Sources */ = {isa = PBXBuildFile; fileRef = FC08BB7A1590D1F40077659C /* PQSettingsViewController.m */; };
		FC11B28A15BDC7D7001AB653 /* goMap.png in Resources */ = {isa = PBXBuildFile; fileRef = FC11B28915BDC7D7001AB653 /* goMap.png */; };
		FC11B28D15BDD1E2001AB653 /* SelfReportingViewController.m in Sources */ = {isa = PBXBuildFile; fileRef = FC11B28C15BDD1E2001AB653 /* SelfReportingViewController.m */; };
		FC11B29515BDE6CD001AB653 /* crosshair.png in Resources */ = {isa = PBXBuildFile; fileRef = FC11B29415BDE6CD001AB653 /* crosshair.png */; };
		FC11B29B15BDE8D5001AB653 /* pin.png in Resources */ = {isa = PBXBuildFile; fileRef = FC11B29A15BDE8D5001AB653 /* pin.png */; };
		FC11B29D15BDF7DD001AB653 /* unknown.png in Resources */ = {isa = PBXBuildFile; fileRef = FC11B29C15BDF7DD001AB653 /* unknown.png */; };
		FC11B29F15BDF878001AB653 /* open.png in Resources */ = {isa = PBXBuildFile; fileRef = FC11B29E15BDF878001AB653 /* open.png */; };
		FC1219E0159B6CAD0072DA85 /* CFNetwork.framework in Frameworks */ = {isa = PBXBuildFile; fileRef = FC1219DF159B6CAD0072DA85 /* CFNetwork.framework */; };
		FC1219E2159B6CBE0072DA85 /* MobileCoreServices.framework in Frameworks */ = {isa = PBXBuildFile; fileRef = FC1219E1159B6CBE0072DA85 /* MobileCoreServices.framework */; };
		FC1219E4159B6CC90072DA85 /* Security.framework in Frameworks */ = {isa = PBXBuildFile; fileRef = FC1219E3159B6CC90072DA85 /* Security.framework */; };
		FC1219E6159B6CD10072DA85 /* SystemConfiguration.framework in Frameworks */ = {isa = PBXBuildFile; fileRef = FC1219E5159B6CD10072DA85 /* SystemConfiguration.framework */; };
		FC1219E8159B6CE30072DA85 /* libxml2.dylib in Frameworks */ = {isa = PBXBuildFile; fileRef = FC1219E7159B6CE30072DA85 /* libxml2.dylib */; };
		FC121A15159B7D910072DA85 /* libRestKit.a in Frameworks */ = {isa = PBXBuildFile; fileRef = FC121A0A159B6FF00072DA85 /* libRestKit.a */; };
		FC121A53159B9C880072DA85 /* Parser.m in Sources */ = {isa = PBXBuildFile; fileRef = FC121A52159B9C880072DA85 /* Parser.m */; };
		FC121A59159BAD8E0072DA85 /* AbstractRequestObject.m in Sources */ = {isa = PBXBuildFile; fileRef = FC121A58159BAD8E0072DA85 /* AbstractRequestObject.m */; };
		FC18601615B8503600AFFF8E /* SpotInfo.m in Sources */ = {isa = PBXBuildFile; fileRef = FC18601515B8503600AFFF8E /* SpotInfo.m */; };
		FC18F4141595893C00C18286 /* PQPaymentMethodsViewController.m in Sources */ = {isa = PBXBuildFile; fileRef = FC18F4131595893C00C18286 /* PQPaymentMethodsViewController.m */; };
		FC410CB215C04F25003C4523 /* greyback.png in Resources */ = {isa = PBXBuildFile; fileRef = FC410CB115C04F25003C4523 /* greyback.png */; };
		FC410CB515C06848003C4523 /* EditSettingsViewController.m in Sources */ = {isa = PBXBuildFile; fileRef = FC410CB415C06848003C4523 /* EditSettingsViewController.m */; };
		FC410CB815C06B67003C4523 /* UserInfo.m in Sources */ = {isa = PBXBuildFile; fileRef = FC410CB715C06B67003C4523 /* UserInfo.m */; };
		FC6C9F6015925D02002C5418 /* donedown.png in Resources */ = {isa = PBXBuildFile; fileRef = FC6C9F5F15925D02002C5418 /* donedown.png */; };
		FC7214831592144F00D228C6 /* BookmarkCell.m in Sources */ = {isa = PBXBuildFile; fileRef = FC7214821592144F00D228C6 /* BookmarkCell.m */; };
		FC7214951592522100D228C6 /* doneup.png in Resources */ = {isa = PBXBuildFile; fileRef = FC7214941592522100D228C6 /* doneup.png */; };
		FC768F8615B718B0004F6696 /* PQPinAnnotation.m in Sources */ = {isa = PBXBuildFile; fileRef = FC768F8515B718B0004F6696 /* PQPinAnnotation.m */; };
		FC97EE7315BB379600186182 /* login.png in Resources */ = {isa = PBXBuildFile; fileRef = FC97EE7215BB379500186182 /* login.png */; };
		FCA2ADBC15C0B88E00AB425E /* car.png in Resources */ = {isa = PBXBuildFile; fileRef = FCA2ADBB15C0B88E00AB425E /* car.png */; };
		FCB2B06F15BC700300272DCD /* blueplus.png in Resources */ = {isa = PBXBuildFile; fileRef = FCB2B06E15BC700200272DCD /* blueplus.png */; };
		FCB2B07115BC70B500272DCD /* redminus.png in Resources */ = {isa = PBXBuildFile; fileRef = FCB2B07015BC70B500272DCD /* redminus.png */; };
		FCB2B07415BC7E8200272DCD /* User.m in Sources */ = {isa = PBXBuildFile; fileRef = FCB2B07315BC7E8200272DCD /* User.m */; };
		FCB2B08215BC8D8400272DCD /* register2.png in Resources */ = {isa = PBXBuildFile; fileRef = FCB2B08115BC8D8400272DCD /* register2.png */; };
		FCB2B08815BC941300272DCD /* PQLoginViewController.m in Sources */ = {isa = PBXBuildFile; fileRef = FCB2B08715BC941300272DCD /* PQLoginViewController.m */; };
		FCB2B08B15BCA17A00272DCD /* RegisterViewController.m in Sources */ = {isa = PBXBuildFile; fileRef = FCB2B08A15BCA17900272DCD /* RegisterViewController.m */; };
		FCB2B08E15BCAA4000272DCD /* LoginNavigationController.m in Sources */ = {isa = PBXBuildFile; fileRef = FCB2B08D15BCAA4000272DCD /* LoginNavigationController.m */; };
		FCB2B09415BCC1F000272DCD /* bottombar.png in Resources */ = {isa = PBXBuildFile; fileRef = FCB2B09315BCC1EC00272DCD /* bottombar.png */; };
		FCBB8F4515BF1ECE00E65CD0 /* PopOutView.m in Sources */ = {isa = PBXBuildFile; fileRef = FCBB8F4415BF1ECE00E65CD0 /* PopOutView.m */; };
		FCD0F07D159120800063D6FA /* PQBookmarksViewController.m in Sources */ = {isa = PBXBuildFile; fileRef = FCD0F07C159120800063D6FA /* PQBookmarksViewController.m */; };
		FCD8FE071598BD57004E38C4 /* BoundingBox.m in Sources */ = {isa = PBXBuildFile; fileRef = FCD8FE061598BD57004E38C4 /* BoundingBox.m */; };
		FCDBD4B815ADF28100E81B7E /* Waypoint.m in Sources */ = {isa = PBXBuildFile; fileRef = FCDBD4B715ADF28100E81B7E /* Waypoint.m */; };
		FCDBD4BB15ADF28100E81B7E /* Spot.m in Sources */ = {isa = PBXBuildFile; fileRef = FCDBD4BA15ADF28100E81B7E /* Spot.m */; };
		FCDBD4BE15ADF28100E81B7E /* Street.m in Sources */ = {isa = PBXBuildFile; fileRef = FCDBD4BD15ADF28100E81B7E /* Street.m */; };
		FCDBF387159CF064000A76C8 /* Grid.m in Sources */ = {isa = PBXBuildFile; fileRef = FCDBF386159CF064000A76C8 /* Grid.m */; };
		FCDECB5E1596691C005AF9B3 /* PaymentOptionCell.m in Sources */ = {isa = PBXBuildFile; fileRef = FCDECB5D1596691C005AF9B3 /* PaymentOptionCell.m */; };
		FCDFE25615913BE900FF6053 /* loginResponseObject.m in Sources */ = {isa = PBXBuildFile; fileRef = FCDFE25515913BE900FF6053 /* loginResponseObject.m */; };
		FCDFE25A159140BE00FF6053 /* PQEditBookmarkViewController.m in Sources */ = {isa = PBXBuildFile; fileRef = FCDFE259159140BE00FF6053 /* PQEditBookmarkViewController.m */; };
		FCE5A01F15AC81000069A03E /* parq.plist in Resources */ = {isa = PBXBuildFile; fileRef = FCE5A01E15AC81000069A03E /* parq.plist */; };
		FCE5A02115ACD8AD0069A03E /* mockdata.plist in Resources */ = {isa = PBXBuildFile; fileRef = FCE5A02015ACD8AD0069A03E /* mockdata.plist */; };
		FCF937C4157D497F0062A5A1 /* parq.xcdatamodeld in Sources */ = {isa = PBXBuildFile; fileRef = FCF937BE157D49190062A5A1 /* parq.xcdatamodeld */; };
		FCF937C5157D4A780062A5A1 /* DataLayer.m in Sources */ = {isa = PBXBuildFile; fileRef = FC48562F1577FD37002C4479 /* DataLayer.m */; };
		FCF937C6157D4A780062A5A1 /* NetworkLayer.m in Sources */ = {isa = PBXBuildFile; fileRef = FC7CE864157943630059EE43 /* NetworkLayer.m */; };
		FCF937C7157D4A780062A5A1 /* Segment.m in Sources */ = {isa = PBXBuildFile; fileRef = FC772759157C2C8C005DEBEA /* Segment.m */; };
/* End PBXBuildFile section */

/* Begin PBXContainerItemProxy section */
		FC121A09159B6FF00072DA85 /* PBXContainerItemProxy */ = {
			isa = PBXContainerItemProxy;
			containerPortal = FC1219FE159B6FF00072DA85 /* RestKit.xcodeproj */;
			proxyType = 2;
			remoteGlobalIDString = 25160D1614564E810060A5C5;
			remoteInfo = RestKit;
		};
		FC121A0B159B6FF00072DA85 /* PBXContainerItemProxy */ = {
			isa = PBXContainerItemProxy;
			containerPortal = FC1219FE159B6FF00072DA85 /* RestKit.xcodeproj */;
			proxyType = 2;
			remoteGlobalIDString = 25160D2614564E820060A5C5;
			remoteInfo = RestKitTests;
		};
		FC121A0D159B6FF00072DA85 /* PBXContainerItemProxy */ = {
			isa = PBXContainerItemProxy;
			containerPortal = FC1219FE159B6FF00072DA85 /* RestKit.xcodeproj */;
			proxyType = 2;
			remoteGlobalIDString = 25160E62145651060060A5C5;
			remoteInfo = RestKitFramework;
		};
		FC121A0F159B6FF00072DA85 /* PBXContainerItemProxy */ = {
			isa = PBXContainerItemProxy;
			containerPortal = FC1219FE159B6FF00072DA85 /* RestKit.xcodeproj */;
			proxyType = 2;
			remoteGlobalIDString = 25160E78145651060060A5C5;
			remoteInfo = RestKitFrameworkTests;
		};
		FC121A11159B6FF00072DA85 /* PBXContainerItemProxy */ = {
			isa = PBXContainerItemProxy;
			containerPortal = FC1219FE159B6FF00072DA85 /* RestKit.xcodeproj */;
			proxyType = 2;
			remoteGlobalIDString = 259C301615128079003066A2;
			remoteInfo = RestKitResources;
		};
		FC121A13159B7D520072DA85 /* PBXContainerItemProxy */ = {
			isa = PBXContainerItemProxy;
			containerPortal = FC1219FE159B6FF00072DA85 /* RestKit.xcodeproj */;
			proxyType = 1;
			remoteGlobalIDString = 25160D1514564E810060A5C5;
			remoteInfo = RestKit;
		};
/* End PBXContainerItemProxy section */

/* Begin PBXFileReference section */
		8703ACA61513F841002FE357 /* Parq.app */ = {isa = PBXFileReference; explicitFileType = wrapper.application; includeInIndex = 0; path = Parq.app; sourceTree = BUILT_PRODUCTS_DIR; };
		8703ACAA1513F841002FE357 /* UIKit.framework */ = {isa = PBXFileReference; lastKnownFileType = wrapper.framework; name = UIKit.framework; path = System/Library/Frameworks/UIKit.framework; sourceTree = SDKROOT; };
		8703ACAC1513F841002FE357 /* Foundation.framework */ = {isa = PBXFileReference; lastKnownFileType = wrapper.framework; name = Foundation.framework; path = System/Library/Frameworks/Foundation.framework; sourceTree = SDKROOT; };
		8703ACAE1513F841002FE357 /* CoreGraphics.framework */ = {isa = PBXFileReference; lastKnownFileType = wrapper.framework; name = CoreGraphics.framework; path = System/Library/Frameworks/CoreGraphics.framework; sourceTree = SDKROOT; };
		8703ACB21513F841002FE357 /* Parq-Info.plist */ = {isa = PBXFileReference; lastKnownFileType = text.plist.xml; path = "Parq-Info.plist"; sourceTree = "<group>"; };
		8703ACB41513F841002FE357 /* en */ = {isa = PBXFileReference; lastKnownFileType = text.plist.strings; name = en; path = en.lproj/InfoPlist.strings; sourceTree = "<group>"; };
		8703ACB61513F841002FE357 /* main.m */ = {isa = PBXFileReference; lastKnownFileType = sourcecode.c.objc; path = main.m; sourceTree = "<group>"; };
		8703ACB81513F841002FE357 /* Parq-Prefix.pch */ = {isa = PBXFileReference; lastKnownFileType = sourcecode.c.h; path = "Parq-Prefix.pch"; sourceTree = "<group>"; };
		8703ACB91513F841002FE357 /* PQAppDelegate.h */ = {isa = PBXFileReference; lastKnownFileType = sourcecode.c.h; path = PQAppDelegate.h; sourceTree = "<group>"; };
		8703ACBA1513F841002FE357 /* PQAppDelegate.m */ = {isa = PBXFileReference; lastKnownFileType = sourcecode.c.objc; path = PQAppDelegate.m; sourceTree = "<group>"; };
		8703ACBD1513F841002FE357 /* en */ = {isa = PBXFileReference; lastKnownFileType = file.storyboard; name = en; path = en.lproj/MainStoryboard.storyboard; sourceTree = "<group>"; };
		8703ACBF1513F841002FE357 /* PQMapViewController.h */ = {isa = PBXFileReference; lastKnownFileType = sourcecode.c.h; path = PQMapViewController.h; sourceTree = "<group>"; };
		8703ACC01513F841002FE357 /* PQMapViewController.m */ = {isa = PBXFileReference; lastKnownFileType = sourcecode.c.objc; path = PQMapViewController.m; sourceTree = "<group>"; };
		8703ACC71513F9D5002FE357 /* MapKit.framework */ = {isa = PBXFileReference; lastKnownFileType = wrapper.framework; name = MapKit.framework; path = System/Library/Frameworks/MapKit.framework; sourceTree = SDKROOT; };
		8703ACC91513FB46002FE357 /* CoreLocation.framework */ = {isa = PBXFileReference; lastKnownFileType = wrapper.framework; name = CoreLocation.framework; path = System/Library/Frameworks/CoreLocation.framework; sourceTree = SDKROOT; };
		8703ACD71513FC32002FE357 /* icon.png */ = {isa = PBXFileReference; lastKnownFileType = image.png; path = icon.png; sourceTree = "<group>"; };
		8703ACD91513FC36002FE357 /* icon@2x.png */ = {isa = PBXFileReference; lastKnownFileType = image.png; path = "icon@2x.png"; sourceTree = "<group>"; };
		8705F842157D43530013DF29 /* CoreData.framework */ = {isa = PBXFileReference; lastKnownFileType = wrapper.framework; name = CoreData.framework; path = System/Library/Frameworks/CoreData.framework; sourceTree = SDKROOT; };
		8705F863157E9A6C0013DF29 /* colon.png */ = {isa = PBXFileReference; lastKnownFileType = image.png; path = colon.png; sourceTree = "<group>"; };
		8705F87D157EB9EC0013DF29 /* QuartzCore.framework */ = {isa = PBXFileReference; lastKnownFileType = wrapper.framework; name = QuartzCore.framework; path = System/Library/Frameworks/QuartzCore.framework; sourceTree = SDKROOT; };
		871E20FC152CD54C00D9452A /* UIColor+Parq.h */ = {isa = PBXFileReference; fileEncoding = 4; lastKnownFileType = sourcecode.c.h; path = "UIColor+Parq.h"; sourceTree = "<group>"; };
		871E20FD152CD54C00D9452A /* UIColor+Parq.m */ = {isa = PBXFileReference; fileEncoding = 4; lastKnownFileType = sourcecode.c.objc; path = "UIColor+Parq.m"; sourceTree = "<group>"; };
		871E2103152CE02100D9452A /* settings.png */ = {isa = PBXFileReference; lastKnownFileType = image.png; path = settings.png; sourceTree = "<group>"; };
		871E2105152CF22A00D9452A /* gradient_avail.png */ = {isa = PBXFileReference; lastKnownFileType = image.png; path = gradient_avail.png; sourceTree = "<group>"; };
		8730EB22151BBD1500E7A7F8 /* libobjc.A.dylib */ = {isa = PBXFileReference; lastKnownFileType = "compiled.mach-o.dylib"; name = libobjc.A.dylib; path = usr/lib/libobjc.A.dylib; sourceTree = SDKROOT; };
		873F8F2D154F257F002FB511 /* check_empty.png */ = {isa = PBXFileReference; lastKnownFileType = image.png; path = check_empty.png; sourceTree = "<group>"; };
		873F8F2E154F257F002FB511 /* check.png */ = {isa = PBXFileReference; lastKnownFileType = image.png; path = check.png; sourceTree = "<group>"; };
		87418A861577D31500CACCCA /* PQParkedCarMapViewController.h */ = {isa = PBXFileReference; fileEncoding = 4; lastKnownFileType = sourcecode.c.h; path = PQParkedCarMapViewController.h; sourceTree = "<group>"; };
		87418A871577D31500CACCCA /* PQParkedCarMapViewController.m */ = {isa = PBXFileReference; fileEncoding = 4; lastKnownFileType = sourcecode.c.objc; path = PQParkedCarMapViewController.m; sourceTree = "<group>"; };
		87418A9515780B1C00CACCCA /* PQParkedCarAnnotation.h */ = {isa = PBXFileReference; fileEncoding = 4; lastKnownFileType = sourcecode.c.h; path = PQParkedCarAnnotation.h; sourceTree = "<group>"; };
		87418A9615780B1C00CACCCA /* PQParkedCarAnnotation.m */ = {isa = PBXFileReference; fileEncoding = 4; lastKnownFileType = sourcecode.c.objc; path = PQParkedCarAnnotation.m; sourceTree = "<group>"; };
		876702E31550667700318941 /* prepaid.png */ = {isa = PBXFileReference; lastKnownFileType = image.png; path = prepaid.png; sourceTree = "<group>"; };
		8791F9BF1533804000525267 /* PQCallout.h */ = {isa = PBXFileReference; fileEncoding = 4; lastKnownFileType = sourcecode.c.h; path = PQCallout.h; sourceTree = "<group>"; };
		8791F9C01533804000525267 /* PQCallout.m */ = {isa = PBXFileReference; fileEncoding = 4; lastKnownFileType = sourcecode.c.objc; path = PQCallout.m; sourceTree = "<group>"; };
		8791F9CC153383E500525267 /* CalloutMapAnnotationView.h */ = {isa = PBXFileReference; fileEncoding = 4; lastKnownFileType = sourcecode.c.h; path = CalloutMapAnnotationView.h; sourceTree = "<group>"; };
		8791F9CD153383E500525267 /* CalloutMapAnnotationView.m */ = {isa = PBXFileReference; fileEncoding = 4; lastKnownFileType = sourcecode.c.objc; path = CalloutMapAnnotationView.m; sourceTree = "<group>"; };
		8791F9D215338DD300525267 /* CalloutMapAnnotation.h */ = {isa = PBXFileReference; fileEncoding = 4; lastKnownFileType = sourcecode.c.h; path = CalloutMapAnnotation.h; sourceTree = "<group>"; };
		8791F9D315338DD300525267 /* CalloutMapAnnotation.m */ = {isa = PBXFileReference; fileEncoding = 4; lastKnownFileType = sourcecode.c.objc; path = CalloutMapAnnotation.m; sourceTree = "<group>"; };
		879B298A1550862E00017E2F /* OCRBStd.otf */ = {isa = PBXFileReference; lastKnownFileType = file; path = OCRBStd.otf; sourceTree = "<group>"; };
		87ABC3A91582BC4400030005 /* PQSpotAnnotation.h */ = {isa = PBXFileReference; fileEncoding = 4; lastKnownFileType = sourcecode.c.h; name = PQSpotAnnotation.h; path = ../PQSpotAnnotation.h; sourceTree = "<group>"; };
		87ABC3AA1582BC4400030005 /* PQSpotAnnotation.m */ = {isa = PBXFileReference; fileEncoding = 4; lastKnownFileType = sourcecode.c.objc; name = PQSpotAnnotation.m; path = ../PQSpotAnnotation.m; sourceTree = "<group>"; };
		87ABC3B71582DBF900030005 /* spot_free.png */ = {isa = PBXFileReference; lastKnownFileType = image.png; path = spot_free.png; sourceTree = "<group>"; };
		87ABC3B81582DBF900030005 /* spot_occupied.png */ = {isa = PBXFileReference; lastKnownFileType = image.png; path = spot_occupied.png; sourceTree = "<group>"; };
		87AE9EFA152F918300069153 /* MKShape+Color.h */ = {isa = PBXFileReference; fileEncoding = 4; lastKnownFileType = sourcecode.c.h; path = "MKShape+Color.h"; sourceTree = "<group>"; };
		87AE9EFB152F918300069153 /* MKShape+Color.m */ = {isa = PBXFileReference; fileEncoding = 4; lastKnownFileType = sourcecode.c.objc; path = "MKShape+Color.m"; sourceTree = "<group>"; };
		87C0522315812EC100A64552 /* gradient_none.png */ = {isa = PBXFileReference; lastKnownFileType = image.png; path = gradient_none.png; sourceTree = "<group>"; };
		87C0522415812EC100A64552 /* gradient_price.png */ = {isa = PBXFileReference; lastKnownFileType = image.png; path = gradient_price.png; sourceTree = "<group>"; };
		87C05227158152CC00A64552 /* meter_prepaid.png */ = {isa = PBXFileReference; lastKnownFileType = image.png; path = meter_prepaid.png; sourceTree = "<group>"; };
		87E1BE58154741190095E92D /* left_arrow.png */ = {isa = PBXFileReference; lastKnownFileType = image.png; path = left_arrow.png; sourceTree = "<group>"; };
		87E1BE59154741190095E92D /* right_arrow.png */ = {isa = PBXFileReference; lastKnownFileType = image.png; path = right_arrow.png; sourceTree = "<group>"; };
		87E1BE5D1548640E0095E92D /* meter_payg.png */ = {isa = PBXFileReference; lastKnownFileType = image.png; path = meter_payg.png; sourceTree = "<group>"; };
		87E1BE5F1548806E0095E92D /* green_button.png */ = {isa = PBXFileReference; lastKnownFileType = image.png; path = green_button.png; sourceTree = "<group>"; };
		87E1BE601548806E0095E92D /* red_button.png */ = {isa = PBXFileReference; lastKnownFileType = image.png; path = red_button.png; sourceTree = "<group>"; };
		87E1BE63154888CE0095E92D /* grey_tabs_bar.png */ = {isa = PBXFileReference; lastKnownFileType = image.png; path = grey_tabs_bar.png; sourceTree = "<group>"; };
		87E1BE65154A08D70095E92D /* PQParkingViewController.h */ = {isa = PBXFileReference; fileEncoding = 4; lastKnownFileType = sourcecode.c.h; path = PQParkingViewController.h; sourceTree = "<group>"; };
		87E1BE66154A08D80095E92D /* PQParkingViewController.m */ = {isa = PBXFileReference; fileEncoding = 4; lastKnownFileType = sourcecode.c.objc; path = PQParkingViewController.m; sourceTree = "<group>"; };
		87E1BE68154B35270095E92D /* payg.png */ = {isa = PBXFileReference; lastKnownFileType = image.png; path = payg.png; sourceTree = "<group>"; };
		FC08BB791590D1F40077659C /* PQSettingsViewController.h */ = {isa = PBXFileReference; fileEncoding = 4; lastKnownFileType = sourcecode.c.h; path = PQSettingsViewController.h; sourceTree = "<group>"; };
		FC08BB7A1590D1F40077659C /* PQSettingsViewController.m */ = {isa = PBXFileReference; fileEncoding = 4; lastKnownFileType = sourcecode.c.objc; path = PQSettingsViewController.m; sourceTree = "<group>"; };
		FC11B28915BDC7D7001AB653 /* goMap.png */ = {isa = PBXFileReference; lastKnownFileType = image.png; path = goMap.png; sourceTree = "<group>"; };
		FC11B28B15BDD1E2001AB653 /* SelfReportingViewController.h */ = {isa = PBXFileReference; fileEncoding = 4; lastKnownFileType = sourcecode.c.h; path = SelfReportingViewController.h; sourceTree = "<group>"; };
		FC11B28C15BDD1E2001AB653 /* SelfReportingViewController.m */ = {isa = PBXFileReference; fileEncoding = 4; lastKnownFileType = sourcecode.c.objc; path = SelfReportingViewController.m; sourceTree = "<group>"; };
		FC11B29415BDE6CD001AB653 /* crosshair.png */ = {isa = PBXFileReference; lastKnownFileType = image.png; path = crosshair.png; sourceTree = "<group>"; };
		FC11B29A15BDE8D5001AB653 /* pin.png */ = {isa = PBXFileReference; lastKnownFileType = image.png; path = pin.png; sourceTree = "<group>"; };
		FC11B29C15BDF7DD001AB653 /* unknown.png */ = {isa = PBXFileReference; lastKnownFileType = image.png; path = unknown.png; sourceTree = "<group>"; };
		FC11B29E15BDF878001AB653 /* open.png */ = {isa = PBXFileReference; lastKnownFileType = image.png; path = open.png; sourceTree = "<group>"; };
		FC1219DF159B6CAD0072DA85 /* CFNetwork.framework */ = {isa = PBXFileReference; lastKnownFileType = wrapper.framework; name = CFNetwork.framework; path = System/Library/Frameworks/CFNetwork.framework; sourceTree = SDKROOT; };
		FC1219E1159B6CBE0072DA85 /* MobileCoreServices.framework */ = {isa = PBXFileReference; lastKnownFileType = wrapper.framework; name = MobileCoreServices.framework; path = System/Library/Frameworks/MobileCoreServices.framework; sourceTree = SDKROOT; };
		FC1219E3159B6CC90072DA85 /* Security.framework */ = {isa = PBXFileReference; lastKnownFileType = wrapper.framework; name = Security.framework; path = System/Library/Frameworks/Security.framework; sourceTree = SDKROOT; };
		FC1219E5159B6CD10072DA85 /* SystemConfiguration.framework */ = {isa = PBXFileReference; lastKnownFileType = wrapper.framework; name = SystemConfiguration.framework; path = System/Library/Frameworks/SystemConfiguration.framework; sourceTree = SDKROOT; };
		FC1219E7159B6CE30072DA85 /* libxml2.dylib */ = {isa = PBXFileReference; lastKnownFileType = "compiled.mach-o.dylib"; name = libxml2.dylib; path = usr/lib/libxml2.dylib; sourceTree = SDKROOT; };
		FC1219FE159B6FF00072DA85 /* RestKit.xcodeproj */ = {isa = PBXFileReference; lastKnownFileType = "wrapper.pb-project"; name = RestKit.xcodeproj; path = RestKit/RestKit.xcodeproj; sourceTree = "<group>"; };
		FC121A44159B87B10072DA85 /* JSONKit.h */ = {isa = PBXFileReference; lastKnownFileType = sourcecode.c.h; name = JSONKit.h; path = RestKit/Build/Headers/RestKit/JSONKit.h; sourceTree = "<group>"; };
		FC121A51159B9C880072DA85 /* Parser.h */ = {isa = PBXFileReference; fileEncoding = 4; lastKnownFileType = sourcecode.c.h; name = Parser.h; path = "parq-ios2/Parser.h"; sourceTree = "<group>"; };
		FC121A52159B9C880072DA85 /* Parser.m */ = {isa = PBXFileReference; fileEncoding = 4; lastKnownFileType = sourcecode.c.objc; name = Parser.m; path = "parq-ios2/Parser.m"; sourceTree = "<group>"; };
		FC121A57159BAD8E0072DA85 /* AbstractRequestObject.h */ = {isa = PBXFileReference; fileEncoding = 4; lastKnownFileType = sourcecode.c.h; name = AbstractRequestObject.h; path = "parq-ios2/AbstractRequestObject.h"; sourceTree = "<group>"; };
		FC121A58159BAD8E0072DA85 /* AbstractRequestObject.m */ = {isa = PBXFileReference; fileEncoding = 4; lastKnownFileType = sourcecode.c.objc; name = AbstractRequestObject.m; path = "parq-ios2/AbstractRequestObject.m"; sourceTree = "<group>"; };
		FC18601415B8503600AFFF8E /* SpotInfo.h */ = {isa = PBXFileReference; fileEncoding = 4; lastKnownFileType = sourcecode.c.h; name = SpotInfo.h; path = "parq-ios2/SpotInfo.h"; sourceTree = "<group>"; };
		FC18601515B8503600AFFF8E /* SpotInfo.m */ = {isa = PBXFileReference; fileEncoding = 4; lastKnownFileType = sourcecode.c.objc; name = SpotInfo.m; path = "parq-ios2/SpotInfo.m"; sourceTree = "<group>"; };
		FC18F4121595893C00C18286 /* PQPaymentMethodsViewController.h */ = {isa = PBXFileReference; fileEncoding = 4; lastKnownFileType = sourcecode.c.h; path = PQPaymentMethodsViewController.h; sourceTree = "<group>"; };
		FC18F4131595893C00C18286 /* PQPaymentMethodsViewController.m */ = {isa = PBXFileReference; fileEncoding = 4; lastKnownFileType = sourcecode.c.objc; path = PQPaymentMethodsViewController.m; sourceTree = "<group>"; };
		FC410CB115C04F25003C4523 /* greyback.png */ = {isa = PBXFileReference; lastKnownFileType = image.png; path = greyback.png; sourceTree = "<group>"; };
		FC410CB315C06848003C4523 /* EditSettingsViewController.h */ = {isa = PBXFileReference; fileEncoding = 4; lastKnownFileType = sourcecode.c.h; path = EditSettingsViewController.h; sourceTree = "<group>"; };
		FC410CB415C06848003C4523 /* EditSettingsViewController.m */ = {isa = PBXFileReference; fileEncoding = 4; lastKnownFileType = sourcecode.c.objc; path = EditSettingsViewController.m; sourceTree = "<group>"; };
		FC410CB615C06B67003C4523 /* UserInfo.h */ = {isa = PBXFileReference; fileEncoding = 4; lastKnownFileType = sourcecode.c.h; name = UserInfo.h; path = "parq-ios2/UserInfo.h"; sourceTree = "<group>"; };
		FC410CB715C06B67003C4523 /* UserInfo.m */ = {isa = PBXFileReference; fileEncoding = 4; lastKnownFileType = sourcecode.c.objc; name = UserInfo.m; path = "parq-ios2/UserInfo.m"; sourceTree = "<group>"; };
		FC48562E1577FD37002C4479 /* DataLayer.h */ = {isa = PBXFileReference; fileEncoding = 4; lastKnownFileType = sourcecode.c.h; name = DataLayer.h; path = "parq-ios2/DataLayer.h"; sourceTree = "<group>"; };
		FC48562F1577FD37002C4479 /* DataLayer.m */ = {isa = PBXFileReference; fileEncoding = 4; lastKnownFileType = sourcecode.c.objc; name = DataLayer.m; path = "parq-ios2/DataLayer.m"; sourceTree = "<group>"; };
		FC6C9F5F15925D02002C5418 /* donedown.png */ = {isa = PBXFileReference; lastKnownFileType = image.png; path = donedown.png; sourceTree = "<group>"; };
		FC7214811592144F00D228C6 /* BookmarkCell.h */ = {isa = PBXFileReference; fileEncoding = 4; lastKnownFileType = sourcecode.c.h; path = BookmarkCell.h; sourceTree = "<group>"; };
		FC7214821592144F00D228C6 /* BookmarkCell.m */ = {isa = PBXFileReference; fileEncoding = 4; lastKnownFileType = sourcecode.c.objc; path = BookmarkCell.m; sourceTree = "<group>"; };
		FC7214941592522100D228C6 /* doneup.png */ = {isa = PBXFileReference; lastKnownFileType = image.png; path = doneup.png; sourceTree = "<group>"; };
		FC768F8415B718B0004F6696 /* PQPinAnnotation.h */ = {isa = PBXFileReference; fileEncoding = 4; lastKnownFileType = sourcecode.c.h; path = PQPinAnnotation.h; sourceTree = "<group>"; };
		FC768F8515B718B0004F6696 /* PQPinAnnotation.m */ = {isa = PBXFileReference; fileEncoding = 4; lastKnownFileType = sourcecode.c.objc; path = PQPinAnnotation.m; sourceTree = "<group>"; };
		FC772758157C2C8C005DEBEA /* Segment.h */ = {isa = PBXFileReference; fileEncoding = 4; lastKnownFileType = sourcecode.c.h; name = Segment.h; path = "parq-ios2/Segment.h"; sourceTree = "<group>"; };
		FC772759157C2C8C005DEBEA /* Segment.m */ = {isa = PBXFileReference; fileEncoding = 4; lastKnownFileType = sourcecode.c.objc; name = Segment.m; path = "parq-ios2/Segment.m"; sourceTree = "<group>"; };
		FC7CE863157943620059EE43 /* NetworkLayer.h */ = {isa = PBXFileReference; fileEncoding = 4; lastKnownFileType = sourcecode.c.h; name = NetworkLayer.h; path = "parq-ios2/NetworkLayer.h"; sourceTree = "<group>"; };
		FC7CE864157943630059EE43 /* NetworkLayer.m */ = {isa = PBXFileReference; fileEncoding = 4; lastKnownFileType = sourcecode.c.objc; name = NetworkLayer.m; path = "parq-ios2/NetworkLayer.m"; sourceTree = "<group>"; };
		FC97EE7215BB379500186182 /* login.png */ = {isa = PBXFileReference; lastKnownFileType = image.png; path = login.png; sourceTree = "<group>"; };
		FCA2ADBB15C0B88E00AB425E /* car.png */ = {isa = PBXFileReference; lastKnownFileType = image.png; path = car.png; sourceTree = "<group>"; };
		FCA2ADBF15C0BA5600AB425E /* open.png */ = {isa = PBXFileReference; lastKnownFileType = image.png; path = open.png; sourceTree = "<group>"; };
		FCB2B06E15BC700200272DCD /* blueplus.png */ = {isa = PBXFileReference; lastKnownFileType = image.png; path = blueplus.png; sourceTree = "<group>"; };
		FCB2B07015BC70B500272DCD /* redminus.png */ = {isa = PBXFileReference; lastKnownFileType = image.png; path = redminus.png; sourceTree = "<group>"; };
		FCB2B07215BC7E8200272DCD /* User.h */ = {isa = PBXFileReference; fileEncoding = 4; lastKnownFileType = sourcecode.c.h; name = User.h; path = "parq-ios2/User.h"; sourceTree = "<group>"; };
		FCB2B07315BC7E8200272DCD /* User.m */ = {isa = PBXFileReference; fileEncoding = 4; lastKnownFileType = sourcecode.c.objc; name = User.m; path = "parq-ios2/User.m"; sourceTree = "<group>"; };
		FCB2B08115BC8D8400272DCD /* register2.png */ = {isa = PBXFileReference; lastKnownFileType = image.png; path = register2.png; sourceTree = "<group>"; };
		FCB2B08615BC941300272DCD /* PQLoginViewController.h */ = {isa = PBXFileReference; fileEncoding = 4; lastKnownFileType = sourcecode.c.h; path = PQLoginViewController.h; sourceTree = "<group>"; };
		FCB2B08715BC941300272DCD /* PQLoginViewController.m */ = {isa = PBXFileReference; fileEncoding = 4; lastKnownFileType = sourcecode.c.objc; path = PQLoginViewController.m; sourceTree = "<group>"; };
		FCB2B08915BCA17900272DCD /* RegisterViewController.h */ = {isa = PBXFileReference; fileEncoding = 4; lastKnownFileType = sourcecode.c.h; path = RegisterViewController.h; sourceTree = "<group>"; };
		FCB2B08A15BCA17900272DCD /* RegisterViewController.m */ = {isa = PBXFileReference; fileEncoding = 4; lastKnownFileType = sourcecode.c.objc; path = RegisterViewController.m; sourceTree = "<group>"; };
		FCB2B08C15BCAA4000272DCD /* LoginNavigationController.h */ = {isa = PBXFileReference; fileEncoding = 4; lastKnownFileType = sourcecode.c.h; path = LoginNavigationController.h; sourceTree = "<group>"; };
		FCB2B08D15BCAA4000272DCD /* LoginNavigationController.m */ = {isa = PBXFileReference; fileEncoding = 4; lastKnownFileType = sourcecode.c.objc; path = LoginNavigationController.m; sourceTree = "<group>"; };
		FCB2B09315BCC1EC00272DCD /* bottombar.png */ = {isa = PBXFileReference; lastKnownFileType = image.png; path = bottombar.png; sourceTree = "<group>"; };
		FCBB8F4315BF1ECE00E65CD0 /* PopOutView.h */ = {isa = PBXFileReference; fileEncoding = 4; lastKnownFileType = sourcecode.c.h; name = PopOutView.h; path = "parq-ios2/PopOutView.h"; sourceTree = "<group>"; };
		FCBB8F4415BF1ECE00E65CD0 /* PopOutView.m */ = {isa = PBXFileReference; fileEncoding = 4; lastKnownFileType = sourcecode.c.objc; name = PopOutView.m; path = "parq-ios2/PopOutView.m"; sourceTree = "<group>"; };
		FCD0F07B159120800063D6FA /* PQBookmarksViewController.h */ = {isa = PBXFileReference; fileEncoding = 4; lastKnownFileType = sourcecode.c.h; path = PQBookmarksViewController.h; sourceTree = "<group>"; };
		FCD0F07C159120800063D6FA /* PQBookmarksViewController.m */ = {isa = PBXFileReference; fileEncoding = 4; lastKnownFileType = sourcecode.c.objc; path = PQBookmarksViewController.m; sourceTree = "<group>"; };
		FCD8FE051598BD57004E38C4 /* BoundingBox.h */ = {isa = PBXFileReference; fileEncoding = 4; lastKnownFileType = sourcecode.c.h; name = BoundingBox.h; path = "parq-ios2/BoundingBox.h"; sourceTree = "<group>"; };
		FCD8FE061598BD57004E38C4 /* BoundingBox.m */ = {isa = PBXFileReference; fileEncoding = 4; lastKnownFileType = sourcecode.c.objc; name = BoundingBox.m; path = "parq-ios2/BoundingBox.m"; sourceTree = "<group>"; };
		FCDBD4B615ADF28100E81B7E /* Waypoint.h */ = {isa = PBXFileReference; fileEncoding = 4; lastKnownFileType = sourcecode.c.h; name = Waypoint.h; path = "parq-ios2/Waypoint.h"; sourceTree = "<group>"; };
		FCDBD4B715ADF28100E81B7E /* Waypoint.m */ = {isa = PBXFileReference; fileEncoding = 4; lastKnownFileType = sourcecode.c.objc; name = Waypoint.m; path = "parq-ios2/Waypoint.m"; sourceTree = "<group>"; };
		FCDBD4B915ADF28100E81B7E /* Spot.h */ = {isa = PBXFileReference; fileEncoding = 4; lastKnownFileType = sourcecode.c.h; name = Spot.h; path = "parq-ios2/Spot.h"; sourceTree = "<group>"; };
		FCDBD4BA15ADF28100E81B7E /* Spot.m */ = {isa = PBXFileReference; fileEncoding = 4; lastKnownFileType = sourcecode.c.objc; name = Spot.m; path = "parq-ios2/Spot.m"; sourceTree = "<group>"; };
		FCDBD4BC15ADF28100E81B7E /* Street.h */ = {isa = PBXFileReference; fileEncoding = 4; lastKnownFileType = sourcecode.c.h; name = Street.h; path = "parq-ios2/Street.h"; sourceTree = "<group>"; };
		FCDBD4BD15ADF28100E81B7E /* Street.m */ = {isa = PBXFileReference; fileEncoding = 4; lastKnownFileType = sourcecode.c.objc; name = Street.m; path = "parq-ios2/Street.m"; sourceTree = "<group>"; };
		FCDBF385159CF064000A76C8 /* Grid.h */ = {isa = PBXFileReference; fileEncoding = 4; lastKnownFileType = sourcecode.c.h; name = Grid.h; path = "parq-ios2/Grid.h"; sourceTree = "<group>"; };
		FCDBF386159CF064000A76C8 /* Grid.m */ = {isa = PBXFileReference; fileEncoding = 4; lastKnownFileType = sourcecode.c.objc; name = Grid.m; path = "parq-ios2/Grid.m"; sourceTree = "<group>"; };
		FCDECB5C1596691C005AF9B3 /* PaymentOptionCell.h */ = {isa = PBXFileReference; fileEncoding = 4; lastKnownFileType = sourcecode.c.h; path = PaymentOptionCell.h; sourceTree = "<group>"; };
		FCDECB5D1596691C005AF9B3 /* PaymentOptionCell.m */ = {isa = PBXFileReference; fileEncoding = 4; lastKnownFileType = sourcecode.c.objc; path = PaymentOptionCell.m; sourceTree = "<group>"; };
		FCDFE25415913BE900FF6053 /* loginResponseObject.h */ = {isa = PBXFileReference; fileEncoding = 4; lastKnownFileType = sourcecode.c.h; name = loginResponseObject.h; path = "parq-ios2/loginResponseObject.h"; sourceTree = "<group>"; };
		FCDFE25515913BE900FF6053 /* loginResponseObject.m */ = {isa = PBXFileReference; fileEncoding = 4; lastKnownFileType = sourcecode.c.objc; name = loginResponseObject.m; path = "parq-ios2/loginResponseObject.m"; sourceTree = "<group>"; };
		FCDFE258159140BE00FF6053 /* PQEditBookmarkViewController.h */ = {isa = PBXFileReference; fileEncoding = 4; lastKnownFileType = sourcecode.c.h; path = PQEditBookmarkViewController.h; sourceTree = "<group>"; };
		FCDFE259159140BE00FF6053 /* PQEditBookmarkViewController.m */ = {isa = PBXFileReference; fileEncoding = 4; lastKnownFileType = sourcecode.c.objc; path = PQEditBookmarkViewController.m; sourceTree = "<group>"; };
		FCE5A01E15AC81000069A03E /* parq.plist */ = {isa = PBXFileReference; fileEncoding = 4; lastKnownFileType = text.plist.xml; name = parq.plist; path = "parq-ios2/parq.plist"; sourceTree = "<group>"; };
		FCE5A02015ACD8AD0069A03E /* mockdata.plist */ = {isa = PBXFileReference; fileEncoding = 4; lastKnownFileType = text.plist.xml; name = mockdata.plist; path = "parq-ios2/mockdata.plist"; sourceTree = "<group>"; };
		FCF937BF157D49190062A5A1 /* parq.xcdatamodel */ = {isa = PBXFileReference; lastKnownFileType = wrapper.xcdatamodel; path = parq.xcdatamodel; sourceTree = "<group>"; };
/* End PBXFileReference section */

/* Begin PBXFrameworksBuildPhase section */
		8703ACA31513F841002FE357 /* Frameworks */ = {
			isa = PBXFrameworksBuildPhase;
			buildActionMask = 2147483647;
			files = (
				FC121A15159B7D910072DA85 /* libRestKit.a in Frameworks */,
				FC1219E8159B6CE30072DA85 /* libxml2.dylib in Frameworks */,
				8705F87E157EB9EC0013DF29 /* QuartzCore.framework in Frameworks */,
				FC1219E6159B6CD10072DA85 /* SystemConfiguration.framework in Frameworks */,
				FC1219E4159B6CC90072DA85 /* Security.framework in Frameworks */,
				FC1219E2159B6CBE0072DA85 /* MobileCoreServices.framework in Frameworks */,
				8705F843157D43530013DF29 /* CoreData.framework in Frameworks */,
				FC1219E0159B6CAD0072DA85 /* CFNetwork.framework in Frameworks */,
				8730EB23151BBD1500E7A7F8 /* libobjc.A.dylib in Frameworks */,
				8703ACCA1513FB46002FE357 /* CoreLocation.framework in Frameworks */,
				8703ACC81513F9D5002FE357 /* MapKit.framework in Frameworks */,
				8703ACAB1513F841002FE357 /* UIKit.framework in Frameworks */,
				8703ACAD1513F841002FE357 /* Foundation.framework in Frameworks */,
				8703ACAF1513F841002FE357 /* CoreGraphics.framework in Frameworks */,
			);
			runOnlyForDeploymentPostprocessing = 0;
		};
/* End PBXFrameworksBuildPhase section */

/* Begin PBXGroup section */
		8703AC9B1513F841002FE357 = {
			isa = PBXGroup;
			children = (
				FCE5A02015ACD8AD0069A03E /* mockdata.plist */,
				FCE5A01E15AC81000069A03E /* parq.plist */,
				8703ACDF1513FC84002FE357 /* Resources */,
				8703ACB01513F841002FE357 /* parq-ios2 */,
				8703ACA91513F841002FE357 /* Frameworks */,
				8703ACA71513F841002FE357 /* Products */,
				8791F9CA153383BA00525267 /* Shared */,
			);
			sourceTree = "<group>";
		};
		8703ACA71513F841002FE357 /* Products */ = {
			isa = PBXGroup;
			children = (
				8703ACA61513F841002FE357 /* Parq.app */,
			);
			name = Products;
			sourceTree = "<group>";
		};
		8703ACA91513F841002FE357 /* Frameworks */ = {
			isa = PBXGroup;
			children = (
				FC1219E7159B6CE30072DA85 /* libxml2.dylib */,
				FC1219E5159B6CD10072DA85 /* SystemConfiguration.framework */,
				FC1219E3159B6CC90072DA85 /* Security.framework */,
				FC1219E1159B6CBE0072DA85 /* MobileCoreServices.framework */,
				FC1219DF159B6CAD0072DA85 /* CFNetwork.framework */,
				8705F87D157EB9EC0013DF29 /* QuartzCore.framework */,
				8705F842157D43530013DF29 /* CoreData.framework */,
				8730EB22151BBD1500E7A7F8 /* libobjc.A.dylib */,
				8703ACC91513FB46002FE357 /* CoreLocation.framework */,
				8703ACC71513F9D5002FE357 /* MapKit.framework */,
				8703ACAA1513F841002FE357 /* UIKit.framework */,
				8703ACAC1513F841002FE357 /* Foundation.framework */,
				8703ACAE1513F841002FE357 /* CoreGraphics.framework */,
			);
			name = Frameworks;
			sourceTree = "<group>";
		};
		8703ACB01513F841002FE357 /* parq-ios2 */ = {
			isa = PBXGroup;
			children = (
				8703ACBC1513F841002FE357 /* MainStoryboard.storyboard */,
				8703ACB91513F841002FE357 /* PQAppDelegate.h */,
				8703ACBA1513F841002FE357 /* PQAppDelegate.m */,
				FC8E6CFF15C1E67600F443C5 /* Settings */,
				FC8E6D0015C1E6AC00F443C5 /* Bookmarks */,
				FCA421C315C31E5B003D5758 /* Login */,
				FC11B28B15BDD1E2001AB653 /* SelfReportingViewController.h */,
				FC11B28C15BDD1E2001AB653 /* SelfReportingViewController.m */,
				87418A861577D31500CACCCA /* PQParkedCarMapViewController.h */,
				87418A871577D31500CACCCA /* PQParkedCarMapViewController.m */,
				87E1BE65154A08D70095E92D /* PQParkingViewController.h */,
				87E1BE66154A08D80095E92D /* PQParkingViewController.m */,
				8703ACBF1513F841002FE357 /* PQMapViewController.h */,
				8703ACC01513F841002FE357 /* PQMapViewController.m */,
				8703ACB11513F841002FE357 /* Supporting Files */,
			);
			path = "parq-ios2";
			sourceTree = "<group>";
		};
		8703ACB11513F841002FE357 /* Supporting Files */ = {
			isa = PBXGroup;
			children = (
				8703ACB21513F841002FE357 /* Parq-Info.plist */,
				8703ACB31513F841002FE357 /* InfoPlist.strings */,
				8703ACB61513F841002FE357 /* main.m */,
				8703ACB81513F841002FE357 /* Parq-Prefix.pch */,
			);
			name = "Supporting Files";
			sourceTree = "<group>";
		};
		8703ACDF1513FC84002FE357 /* Resources */ = {
			isa = PBXGroup;
			children = (
				FC1219FE159B6FF00072DA85 /* RestKit.xcodeproj */,
				FC8E6D0115C1E9BA00F443C5 /* Support Layers */,
				87ABC3A81582B14A00030005 /* Annotations */,
				FC72148B1592286400D228C6 /* Objects */,
				FC7CE851157902630059EE43 /* CoreDataObjects */,
				87E1BE72154B52280095E92D /* Fonts */,
				8703ACE01513FC8E002FE357 /* Images */,
			);
			name = Resources;
			sourceTree = "<group>";
		};
		8703ACE01513FC8E002FE357 /* Images */ = {
			isa = PBXGroup;
			children = (
				FC11B29415BDE6CD001AB653 /* crosshair.png */,
				FCA2ADBB15C0B88E00AB425E /* car.png */,
				FCA2ADBF15C0BA5600AB425E /* open.png */,
				FC410CB115C04F25003C4523 /* greyback.png */,
				FC11B29A15BDE8D5001AB653 /* pin.png */,
				FCB2B08115BC8D8400272DCD /* register2.png */,
				FC11B28915BDC7D7001AB653 /* goMap.png */,
				FCB2B09315BCC1EC00272DCD /* bottombar.png */,
				FC7214941592522100D228C6 /* doneup.png */,
				FC6C9F5F15925D02002C5418 /* donedown.png */,
				8703ACD91513FC36002FE357 /* icon@2x.png */,
				8703ACD71513FC32002FE357 /* icon.png */,
				873F8F2D154F257F002FB511 /* check_empty.png */,
				873F8F2E154F257F002FB511 /* check.png */,
				8705F863157E9A6C0013DF29 /* colon.png */,
				871E2105152CF22A00D9452A /* gradient_avail.png */,
				87C0522315812EC100A64552 /* gradient_none.png */,
				87C0522415812EC100A64552 /* gradient_price.png */,
				87E1BE63154888CE0095E92D /* grey_tabs_bar.png */,
				87E1BE5F1548806E0095E92D /* green_button.png */,
				87E1BE601548806E0095E92D /* red_button.png */,
				87E1BE5D1548640E0095E92D /* meter_payg.png */,
				87C05227158152CC00A64552 /* meter_prepaid.png */,
				87E1BE68154B35270095E92D /* payg.png */,
				876702E31550667700318941 /* prepaid.png */,
				87E1BE58154741190095E92D /* left_arrow.png */,
				87E1BE59154741190095E92D /* right_arrow.png */,
				871E2103152CE02100D9452A /* settings.png */,
				87ABC3B71582DBF900030005 /* spot_free.png */,
				FC97EE7215BB379500186182 /* login.png */,
				FC11B29C15BDF7DD001AB653 /* unknown.png */,
				FC11B29E15BDF878001AB653 /* open.png */,
				FCB2B06E15BC700200272DCD /* blueplus.png */,
				87ABC3B81582DBF900030005 /* spot_occupied.png */,
				FCB2B07015BC70B500272DCD /* redminus.png */,
			);
			name = Images;
			sourceTree = "<group>";
		};
		8791F9CA153383BA00525267 /* Shared */ = {
			isa = PBXGroup;
			children = (
			);
			name = Shared;
			path = "parq-ios2";
			sourceTree = "<group>";
		};
		87ABC3A81582B14A00030005 /* Annotations */ = {
			isa = PBXGroup;
			children = (
				87418A9515780B1C00CACCCA /* PQParkedCarAnnotation.h */,
				87418A9615780B1C00CACCCA /* PQParkedCarAnnotation.m */,
				87AE9EFA152F918300069153 /* MKShape+Color.h */,
				87AE9EFB152F918300069153 /* MKShape+Color.m */,
				8791F9BF1533804000525267 /* PQCallout.h */,
				8791F9C01533804000525267 /* PQCallout.m */,
				871E20FC152CD54C00D9452A /* UIColor+Parq.h */,
				871E20FD152CD54C00D9452A /* UIColor+Parq.m */,
				8791F9D215338DD300525267 /* CalloutMapAnnotation.h */,
				8791F9D315338DD300525267 /* CalloutMapAnnotation.m */,
				8791F9CC153383E500525267 /* CalloutMapAnnotationView.h */,
				8791F9CD153383E500525267 /* CalloutMapAnnotationView.m */,
				87ABC3A91582BC4400030005 /* PQSpotAnnotation.h */,
				87ABC3AA1582BC4400030005 /* PQSpotAnnotation.m */,
				FC768F8415B718B0004F6696 /* PQPinAnnotation.h */,
				FC768F8515B718B0004F6696 /* PQPinAnnotation.m */,
			);
			name = Annotations;
			path = "parq-ios2";
			sourceTree = "<group>";
		};
		87E1BE72154B52280095E92D /* Fonts */ = {
			isa = PBXGroup;
			children = (
				879B298A1550862E00017E2F /* OCRBStd.otf */,
			);
			name = Fonts;
			sourceTree = "<group>";
		};
		FC1219FF159B6FF00072DA85 /* Products */ = {
			isa = PBXGroup;
			children = (
				FC121A0A159B6FF00072DA85 /* libRestKit.a */,
				FC121A0C159B6FF00072DA85 /* RestKitTests.octest */,
				FC121A0E159B6FF00072DA85 /* RestKit.framework */,
				FC121A10159B6FF00072DA85 /* RestKitFrameworkTests.octest */,
				FC121A12159B6FF00072DA85 /* RestKitResources.bundle */,
			);
			name = Products;
			sourceTree = "<group>";
		};
		FC72148B1592286400D228C6 /* Objects */ = {
			isa = PBXGroup;
			children = (
				FCBB8F4315BF1ECE00E65CD0 /* PopOutView.h */,
				FCBB8F4415BF1ECE00E65CD0 /* PopOutView.m */,
				FC772758157C2C8C005DEBEA /* Segment.h */,
				FC772759157C2C8C005DEBEA /* Segment.m */,
				FCDFE25415913BE900FF6053 /* loginResponseObject.h */,
				FCDFE25515913BE900FF6053 /* loginResponseObject.m */,
				FCD8FE051598BD57004E38C4 /* BoundingBox.h */,
				FCD8FE061598BD57004E38C4 /* BoundingBox.m */,
				FC121A57159BAD8E0072DA85 /* AbstractRequestObject.h */,
				FC121A58159BAD8E0072DA85 /* AbstractRequestObject.m */,
				FC18601415B8503600AFFF8E /* SpotInfo.h */,
				FC18601515B8503600AFFF8E /* SpotInfo.m */,
				FC410CB615C06B67003C4523 /* UserInfo.h */,
				FC410CB715C06B67003C4523 /* UserInfo.m */,
			);
			name = Objects;
			sourceTree = "<group>";
		};
		FC7CE851157902630059EE43 /* CoreDataObjects */ = {
			isa = PBXGroup;
			children = (
				FCF937BE157D49190062A5A1 /* parq.xcdatamodeld */,
				FCB2B07215BC7E8200272DCD /* User.h */,
				FCB2B07315BC7E8200272DCD /* User.m */,
				FCDBD4BC15ADF28100E81B7E /* Street.h */,
				FCDBD4BD15ADF28100E81B7E /* Street.m */,
				FCDBD4B915ADF28100E81B7E /* Spot.h */,
				FCDBD4BA15ADF28100E81B7E /* Spot.m */,
				FCDBD4B615ADF28100E81B7E /* Waypoint.h */,
				FCDBD4B715ADF28100E81B7E /* Waypoint.m */,
				FCDBF385159CF064000A76C8 /* Grid.h */,
				FCDBF386159CF064000A76C8 /* Grid.m */,
			);
			name = CoreDataObjects;
			sourceTree = "<group>";
		};
		FC8E6CFF15C1E67600F443C5 /* Settings */ = {
			isa = PBXGroup;
			children = (
				FCDECB5C1596691C005AF9B3 /* PaymentOptionCell.h */,
				FCDECB5D1596691C005AF9B3 /* PaymentOptionCell.m */,
				FC18F4121595893C00C18286 /* PQPaymentMethodsViewController.h */,
				FC18F4131595893C00C18286 /* PQPaymentMethodsViewController.m */,
				FC410CB315C06848003C4523 /* EditSettingsViewController.h */,
				FC410CB415C06848003C4523 /* EditSettingsViewController.m */,
				FC08BB791590D1F40077659C /* PQSettingsViewController.h */,
				FC08BB7A1590D1F40077659C /* PQSettingsViewController.m */,
			);
			name = Settings;
			sourceTree = "<group>";
		};
		FC8E6D0015C1E6AC00F443C5 /* Bookmarks */ = {
			isa = PBXGroup;
			children = (
				FC7214811592144F00D228C6 /* BookmarkCell.h */,
				FC7214821592144F00D228C6 /* BookmarkCell.m */,
				FCDFE258159140BE00FF6053 /* PQEditBookmarkViewController.h */,
				FCDFE259159140BE00FF6053 /* PQEditBookmarkViewController.m */,
				FCD0F07B159120800063D6FA /* PQBookmarksViewController.h */,
				FCD0F07C159120800063D6FA /* PQBookmarksViewController.m */,
			);
			name = Bookmarks;
			sourceTree = "<group>";
		};
		FC8E6D0115C1E9BA00F443C5 /* Support Layers */ = {
			isa = PBXGroup;
			children = (
				FC121A44159B87B10072DA85 /* JSONKit.h */,
				FC48562E1577FD37002C4479 /* DataLayer.h */,
				FC48562F1577FD37002C4479 /* DataLayer.m */,
				FC7CE863157943620059EE43 /* NetworkLayer.h */,
				FC7CE864157943630059EE43 /* NetworkLayer.m */,
				FC121A51159B9C880072DA85 /* Parser.h */,
				FC121A52159B9C880072DA85 /* Parser.m */,
			);
			name = "Support Layers";
			sourceTree = "<group>";
		};
		FCA421C315C31E5B003D5758 /* Login */ = {
			isa = PBXGroup;
			children = (
				FCB2B08915BCA17900272DCD /* RegisterViewController.h */,
				FCB2B08A15BCA17900272DCD /* RegisterViewController.m */,
				FCB2B08C15BCAA4000272DCD /* LoginNavigationController.h */,
				FCB2B08D15BCAA4000272DCD /* LoginNavigationController.m */,
				FCB2B08615BC941300272DCD /* PQLoginViewController.h */,
				FCB2B08715BC941300272DCD /* PQLoginViewController.m */,
			);
			name = Login;
			sourceTree = "<group>";
		};
/* End PBXGroup section */

/* Begin PBXNativeTarget section */
		8703ACA51513F841002FE357 /* Parq */ = {
			isa = PBXNativeTarget;
			buildConfigurationList = 8703ACC41513F841002FE357 /* Build configuration list for PBXNativeTarget "Parq" */;
			buildPhases = (
				8703ACA21513F841002FE357 /* Sources */,
				8703ACA31513F841002FE357 /* Frameworks */,
				8703ACA41513F841002FE357 /* Resources */,
			);
			buildRules = (
			);
			dependencies = (
				FC121A14159B7D520072DA85 /* PBXTargetDependency */,
			);
			name = Parq;
			productName = "parq-ios2";
			productReference = 8703ACA61513F841002FE357 /* Parq.app */;
			productType = "com.apple.product-type.application";
		};
/* End PBXNativeTarget section */

/* Begin PBXProject section */
		8703AC9D1513F841002FE357 /* Project object */ = {
			isa = PBXProject;
			attributes = {
				LastUpgradeCheck = 0430;
				ORGANIZATIONNAME = "PARQ LLC";
			};
			buildConfigurationList = 8703ACA01513F841002FE357 /* Build configuration list for PBXProject "Parq" */;
			compatibilityVersion = "Xcode 3.2";
			developmentRegion = English;
			hasScannedForEncodings = 0;
			knownRegions = (
				en,
			);
			mainGroup = 8703AC9B1513F841002FE357;
			productRefGroup = 8703ACA71513F841002FE357 /* Products */;
			projectDirPath = "";
			projectReferences = (
				{
					ProductGroup = FC1219FF159B6FF00072DA85 /* Products */;
					ProjectRef = FC1219FE159B6FF00072DA85 /* RestKit.xcodeproj */;
				},
			);
			projectRoot = "";
			targets = (
				8703ACA51513F841002FE357 /* Parq */,
			);
		};
/* End PBXProject section */

/* Begin PBXReferenceProxy section */
		FC121A0A159B6FF00072DA85 /* libRestKit.a */ = {
			isa = PBXReferenceProxy;
			fileType = archive.ar;
			path = libRestKit.a;
			remoteRef = FC121A09159B6FF00072DA85 /* PBXContainerItemProxy */;
			sourceTree = BUILT_PRODUCTS_DIR;
		};
		FC121A0C159B6FF00072DA85 /* RestKitTests.octest */ = {
			isa = PBXReferenceProxy;
			fileType = wrapper.cfbundle;
			path = RestKitTests.octest;
			remoteRef = FC121A0B159B6FF00072DA85 /* PBXContainerItemProxy */;
			sourceTree = BUILT_PRODUCTS_DIR;
		};
		FC121A0E159B6FF00072DA85 /* RestKit.framework */ = {
			isa = PBXReferenceProxy;
			fileType = wrapper.framework;
			path = RestKit.framework;
			remoteRef = FC121A0D159B6FF00072DA85 /* PBXContainerItemProxy */;
			sourceTree = BUILT_PRODUCTS_DIR;
		};
		FC121A10159B6FF00072DA85 /* RestKitFrameworkTests.octest */ = {
			isa = PBXReferenceProxy;
			fileType = wrapper.cfbundle;
			path = RestKitFrameworkTests.octest;
			remoteRef = FC121A0F159B6FF00072DA85 /* PBXContainerItemProxy */;
			sourceTree = BUILT_PRODUCTS_DIR;
		};
		FC121A12159B6FF00072DA85 /* RestKitResources.bundle */ = {
			isa = PBXReferenceProxy;
			fileType = wrapper.cfbundle;
			path = RestKitResources.bundle;
			remoteRef = FC121A11159B6FF00072DA85 /* PBXContainerItemProxy */;
			sourceTree = BUILT_PRODUCTS_DIR;
		};
/* End PBXReferenceProxy section */

/* Begin PBXResourcesBuildPhase section */
		8703ACA41513F841002FE357 /* Resources */ = {
			isa = PBXResourcesBuildPhase;
			buildActionMask = 2147483647;
			files = (
				8703ACB51513F841002FE357 /* InfoPlist.strings in Resources */,
				8703ACBE1513F841002FE357 /* MainStoryboard.storyboard in Resources */,
				8703ACD81513FC32002FE357 /* icon.png in Resources */,
				8703ACDA1513FC36002FE357 /* icon@2x.png in Resources */,
				871E2104152CE02100D9452A /* settings.png in Resources */,
				871E2106152CF22A00D9452A /* gradient_avail.png in Resources */,
				87E1BE5A154741190095E92D /* left_arrow.png in Resources */,
				87E1BE5B154741190095E92D /* right_arrow.png in Resources */,
				87E1BE5E1548640E0095E92D /* meter_payg.png in Resources */,
				87E1BE61154880700095E92D /* green_button.png in Resources */,
				87E1BE62154880700095E92D /* red_button.png in Resources */,
				87E1BE64154888CE0095E92D /* grey_tabs_bar.png in Resources */,
				87E1BE69154B35270095E92D /* payg.png in Resources */,
				873F8F2F154F257F002FB511 /* check_empty.png in Resources */,
				873F8F30154F257F002FB511 /* check.png in Resources */,
				876702E41550667700318941 /* prepaid.png in Resources */,
				879B298B1550862E00017E2F /* OCRBStd.otf in Resources */,
				8705F864157E9A6C0013DF29 /* colon.png in Resources */,
				87C0522515812EC100A64552 /* gradient_none.png in Resources */,
				87C0522615812EC100A64552 /* gradient_price.png in Resources */,
				87C05228158152CC00A64552 /* meter_prepaid.png in Resources */,
				87ABC3B91582DBF900030005 /* spot_free.png in Resources */,
				87ABC3BA1582DBF900030005 /* spot_occupied.png in Resources */,
				FC7214951592522100D228C6 /* doneup.png in Resources */,
				FC6C9F6015925D02002C5418 /* donedown.png in Resources */,
				FCE5A01F15AC81000069A03E /* parq.plist in Resources */,
				FCE5A02115ACD8AD0069A03E /* mockdata.plist in Resources */,
				FC97EE7315BB379600186182 /* login.png in Resources */,
				FCB2B06F15BC700300272DCD /* blueplus.png in Resources */,
				FCB2B07115BC70B500272DCD /* redminus.png in Resources */,
				FCB2B08215BC8D8400272DCD /* register2.png in Resources */,
				FCB2B09415BCC1F000272DCD /* bottombar.png in Resources */,
				FC11B28A15BDC7D7001AB653 /* goMap.png in Resources */,
				FC11B29515BDE6CD001AB653 /* crosshair.png in Resources */,
				FC11B29B15BDE8D5001AB653 /* pin.png in Resources */,
				FC11B29D15BDF7DD001AB653 /* unknown.png in Resources */,
				FC11B29F15BDF878001AB653 /* open.png in Resources */,
				FC410CB215C04F25003C4523 /* greyback.png in Resources */,
				FCA2ADBC15C0B88E00AB425E /* car.png in Resources */,
			);
			runOnlyForDeploymentPostprocessing = 0;
		};
/* End PBXResourcesBuildPhase section */

/* Begin PBXSourcesBuildPhase section */
		8703ACA21513F841002FE357 /* Sources */ = {
			isa = PBXSourcesBuildPhase;
			buildActionMask = 2147483647;
			files = (
				FCF937C5157D4A780062A5A1 /* DataLayer.m in Sources */,
				FCF937C6157D4A780062A5A1 /* NetworkLayer.m in Sources */,
				FCF937C7157D4A780062A5A1 /* Segment.m in Sources */,
				FCF937C4157D497F0062A5A1 /* parq.xcdatamodeld in Sources */,
				8703ACB71513F841002FE357 /* main.m in Sources */,
				8703ACBB1513F841002FE357 /* PQAppDelegate.m in Sources */,
				8703ACC11513F841002FE357 /* PQMapViewController.m in Sources */,
				871E20FE152CD54C00D9452A /* UIColor+Parq.m in Sources */,
				87AE9EFC152F918300069153 /* MKShape+Color.m in Sources */,
				8791F9C11533804000525267 /* PQCallout.m in Sources */,
				8791F9CE153383E500525267 /* CalloutMapAnnotationView.m in Sources */,
				8791F9D415338DD300525267 /* CalloutMapAnnotation.m in Sources */,
				87E1BE67154A08D80095E92D /* PQParkingViewController.m in Sources */,
				87418A881577D31500CACCCA /* PQParkedCarMapViewController.m in Sources */,
				87418A9715780B1C00CACCCA /* PQParkedCarAnnotation.m in Sources */,
				87ABC3AB1582BC4400030005 /* PQSpotAnnotation.m in Sources */,
				FC08BB7B1590D1F40077659C /* PQSettingsViewController.m in Sources */,
				FCD0F07D159120800063D6FA /* PQBookmarksViewController.m in Sources */,
				FCDFE25615913BE900FF6053 /* loginResponseObject.m in Sources */,
				FCDFE25A159140BE00FF6053 /* PQEditBookmarkViewController.m in Sources */,
				FC7214831592144F00D228C6 /* BookmarkCell.m in Sources */,
				FC18F4141595893C00C18286 /* PQPaymentMethodsViewController.m in Sources */,
				FCDECB5E1596691C005AF9B3 /* PaymentOptionCell.m in Sources */,
				FCD8FE071598BD57004E38C4 /* BoundingBox.m in Sources */,
				FC121A53159B9C880072DA85 /* Parser.m in Sources */,
				FC121A59159BAD8E0072DA85 /* AbstractRequestObject.m in Sources */,
				FCDBF387159CF064000A76C8 /* Grid.m in Sources */,
				FCDBD4B815ADF28100E81B7E /* Waypoint.m in Sources */,
				FCDBD4BB15ADF28100E81B7E /* Spot.m in Sources */,
				FCDBD4BE15ADF28100E81B7E /* Street.m in Sources */,
				FC768F8615B718B0004F6696 /* PQPinAnnotation.m in Sources */,
				FC18601615B8503600AFFF8E /* SpotInfo.m in Sources */,
				FCB2B07415BC7E8200272DCD /* User.m in Sources */,
				FCB2B08815BC941300272DCD /* PQLoginViewController.m in Sources */,
				FCB2B08B15BCA17A00272DCD /* RegisterViewController.m in Sources */,
				FCB2B08E15BCAA4000272DCD /* LoginNavigationController.m in Sources */,
				FC11B28D15BDD1E2001AB653 /* SelfReportingViewController.m in Sources */,
				FCBB8F4515BF1ECE00E65CD0 /* PopOutView.m in Sources */,
				FC410CB515C06848003C4523 /* EditSettingsViewController.m in Sources */,
				FC410CB815C06B67003C4523 /* UserInfo.m in Sources */,
			);
			runOnlyForDeploymentPostprocessing = 0;
		};
/* End PBXSourcesBuildPhase section */

/* Begin PBXTargetDependency section */
		FC121A14159B7D520072DA85 /* PBXTargetDependency */ = {
			isa = PBXTargetDependency;
			name = RestKit;
			targetProxy = FC121A13159B7D520072DA85 /* PBXContainerItemProxy */;
		};
/* End PBXTargetDependency section */

/* Begin PBXVariantGroup section */
		8703ACB31513F841002FE357 /* InfoPlist.strings */ = {
			isa = PBXVariantGroup;
			children = (
				8703ACB41513F841002FE357 /* en */,
			);
			name = InfoPlist.strings;
			sourceTree = "<group>";
		};
		8703ACBC1513F841002FE357 /* MainStoryboard.storyboard */ = {
			isa = PBXVariantGroup;
			children = (
				8703ACBD1513F841002FE357 /* en */,
			);
			name = MainStoryboard.storyboard;
			sourceTree = "<group>";
		};
/* End PBXVariantGroup section */

/* Begin XCBuildConfiguration section */
		8703ACC21513F841002FE357 /* Debug */ = {
			isa = XCBuildConfiguration;
			buildSettings = {
				ALWAYS_SEARCH_USER_PATHS = NO;
				ARCHS = "$(ARCHS_STANDARD_32_BIT)";
				CLANG_ENABLE_OBJC_ARC = YES;
				"CODE_SIGN_IDENTITY[sdk=iphoneos*]" = "iPhone Developer";
				COPY_PHASE_STRIP = NO;
				GCC_C_LANGUAGE_STANDARD = gnu99;
				GCC_DYNAMIC_NO_PIC = NO;
				GCC_OPTIMIZATION_LEVEL = 0;
				GCC_PREPROCESSOR_DEFINITIONS = (
					"DEBUG=1",
					"$(inherited)",
				);
				GCC_SYMBOLS_PRIVATE_EXTERN = NO;
				GCC_VERSION = com.apple.compilers.llvm.clang.1_0;
				GCC_WARN_ABOUT_MISSING_PROTOTYPES = YES;
				GCC_WARN_ABOUT_RETURN_TYPE = YES;
				GCC_WARN_UNUSED_VARIABLE = YES;
				HEADER_SEARCH_PATHS = "\"$(BUILT_PRODUCTS_DIR)/../../Headers\"";
				IPHONEOS_DEPLOYMENT_TARGET = 5.0;
				OTHER_LDFLAGS = (
					"-ObjC",
					"-all_load",
				);
				SDKROOT = iphoneos;
			};
			name = Debug;
		};
		8703ACC31513F841002FE357 /* Release */ = {
			isa = XCBuildConfiguration;
			buildSettings = {
				ALWAYS_SEARCH_USER_PATHS = NO;
				ARCHS = "$(ARCHS_STANDARD_32_BIT)";
				CLANG_ENABLE_OBJC_ARC = YES;
				"CODE_SIGN_IDENTITY[sdk=iphoneos*]" = "iPhone Developer";
				COPY_PHASE_STRIP = YES;
				GCC_C_LANGUAGE_STANDARD = gnu99;
				GCC_VERSION = com.apple.compilers.llvm.clang.1_0;
				GCC_WARN_ABOUT_MISSING_PROTOTYPES = YES;
				GCC_WARN_ABOUT_RETURN_TYPE = YES;
				GCC_WARN_UNUSED_VARIABLE = YES;
				HEADER_SEARCH_PATHS = "\"$(BUILT_PRODUCTS_DIR)/../../Headers\"";
				IPHONEOS_DEPLOYMENT_TARGET = 5.0;
				OTHER_CFLAGS = "-DNS_BLOCK_ASSERTIONS=1";
				OTHER_LDFLAGS = (
					"-ObjC",
					"-all_load",
				);
				SDKROOT = iphoneos;
				VALIDATE_PRODUCT = YES;
			};
			name = Release;
		};
		8703ACC51513F841002FE357 /* Debug */ = {
			isa = XCBuildConfiguration;
			buildSettings = {
				GCC_PRECOMPILE_PREFIX_HEADER = YES;
				GCC_PREFIX_HEADER = "parq-ios2/Parq-Prefix.pch";
				HEADER_SEARCH_PATHS = "\"$(BUILT_PRODUCTS_DIR)/../../Headers\"";
				INFOPLIST_FILE = "parq-ios2/Parq-Info.plist";
				IPHONEOS_DEPLOYMENT_TARGET = 5.0;
				OTHER_LDFLAGS = (
					"-ObjC",
					"-all_load",
				);
				PRODUCT_NAME = Parq;
				WRAPPER_EXTENSION = app;
			};
			name = Debug;
		};
		8703ACC61513F841002FE357 /* Release */ = {
			isa = XCBuildConfiguration;
			buildSettings = {
				GCC_PRECOMPILE_PREFIX_HEADER = YES;
				GCC_PREFIX_HEADER = "parq-ios2/Parq-Prefix.pch";
				HEADER_SEARCH_PATHS = "\"$(BUILT_PRODUCTS_DIR)/../../Headers\"";
				INFOPLIST_FILE = "parq-ios2/Parq-Info.plist";
				IPHONEOS_DEPLOYMENT_TARGET = 5.0;
				OTHER_LDFLAGS = (
					"-ObjC",
					"-all_load",
				);
				PRODUCT_NAME = Parq;
				WRAPPER_EXTENSION = app;
			};
			name = Release;
		};
/* End XCBuildConfiguration section */

/* Begin XCConfigurationList section */
		8703ACA01513F841002FE357 /* Build configuration list for PBXProject "Parq" */ = {
			isa = XCConfigurationList;
			buildConfigurations = (
				8703ACC21513F841002FE357 /* Debug */,
				8703ACC31513F841002FE357 /* Release */,
			);
			defaultConfigurationIsVisible = 0;
			defaultConfigurationName = Release;
		};
		8703ACC41513F841002FE357 /* Build configuration list for PBXNativeTarget "Parq" */ = {
			isa = XCConfigurationList;
			buildConfigurations = (
				8703ACC51513F841002FE357 /* Debug */,
				8703ACC61513F841002FE357 /* Release */,
			);
			defaultConfigurationIsVisible = 0;
			defaultConfigurationName = Release;
		};
/* End XCConfigurationList section */

/* Begin XCVersionGroup section */
		FCF937BE157D49190062A5A1 /* parq.xcdatamodeld */ = {
			isa = XCVersionGroup;
			children = (
				FCF937BF157D49190062A5A1 /* parq.xcdatamodel */,
			);
			currentVersion = FCF937BF157D49190062A5A1 /* parq.xcdatamodel */;
			name = parq.xcdatamodeld;
			path = "parq-ios2/parq.xcdatamodeld";
			sourceTree = "<group>";
			versionGroupType = wrapper.xcdatamodel;
		};
/* End XCVersionGroup section */
	};
	rootObject = 8703AC9D1513F841002FE357 /* Project object */;
}
