// !$*UTF8*$!
{
	archiveVersion = 1;
	classes = {
	};
	objectVersion = 46;
	objects = {

/* Begin PBXBuildFile section */
		FC2FF89514C8845D00D004AA /* libzbar.a in Frameworks */ = {isa = PBXBuildFile; fileRef = FC2FF88F14C8845D00D004AA /* libzbar.a */; };
		FC2FF89614C8845E00D004AA /* zbar-back.png in Resources */ = {isa = PBXBuildFile; fileRef = FC2FF89114C8845D00D004AA /* zbar-back.png */; };
		FC2FF89714C8845E00D004AA /* zbar-help.html in Resources */ = {isa = PBXBuildFile; fileRef = FC2FF89214C8845D00D004AA /* zbar-help.html */; };
		FC2FF89814C8845E00D004AA /* zbar-helpicons.png in Resources */ = {isa = PBXBuildFile; fileRef = FC2FF89314C8845D00D004AA /* zbar-helpicons.png */; };
		FC2FF89914C8845E00D004AA /* zbar-samples.png in Resources */ = {isa = PBXBuildFile; fileRef = FC2FF89414C8845D00D004AA /* zbar-samples.png */; };
		FC2FF89F14C8849500D004AA /* AVFoundation.framework in Frameworks */ = {isa = PBXBuildFile; fileRef = FC2FF89B14C8849500D004AA /* AVFoundation.framework */; };
		FC2FF8A014C8849500D004AA /* CoreMedia.framework in Frameworks */ = {isa = PBXBuildFile; fileRef = FC2FF89C14C8849500D004AA /* CoreMedia.framework */; };
		FC2FF8A114C8849500D004AA /* CoreVideo.framework in Frameworks */ = {isa = PBXBuildFile; fileRef = FC2FF89D14C8849500D004AA /* CoreVideo.framework */; };
		FC2FF8A214C8849500D004AA /* QuartzCore.framework in Frameworks */ = {isa = PBXBuildFile; fileRef = FC2FF89E14C8849500D004AA /* QuartzCore.framework */; };
		FC2FF8A414C884A200D004AA /* libiconv.dylib in Frameworks */ = {isa = PBXBuildFile; fileRef = FC2FF8A314C884A200D004AA /* libiconv.dylib */; };
		FCE4700B14C881F700685F0B /* UIKit.framework in Frameworks */ = {isa = PBXBuildFile; fileRef = FCE4700A14C881F700685F0B /* UIKit.framework */; };
		FCE4700D14C881F800685F0B /* Foundation.framework in Frameworks */ = {isa = PBXBuildFile; fileRef = FCE4700C14C881F800685F0B /* Foundation.framework */; };
		FCE4700F14C881F800685F0B /* CoreGraphics.framework in Frameworks */ = {isa = PBXBuildFile; fileRef = FCE4700E14C881F800685F0B /* CoreGraphics.framework */; };
		FCE4701514C881F800685F0B /* InfoPlist.strings in Resources */ = {isa = PBXBuildFile; fileRef = FCE4701314C881F800685F0B /* InfoPlist.strings */; };
		FCE4701714C881F800685F0B /* main.m in Sources */ = {isa = PBXBuildFile; fileRef = FCE4701614C881F800685F0B /* main.m */; };
		FCE4701B14C881F800685F0B /* AppDelegate.m in Sources */ = {isa = PBXBuildFile; fileRef = FCE4701A14C881F800685F0B /* AppDelegate.m */; };
		FCE4701E14C881F800685F0B /* ViewController.m in Sources */ = {isa = PBXBuildFile; fileRef = FCE4701D14C881F800685F0B /* ViewController.m */; };
		FCE4702114C881F800685F0B /* ViewController.xib in Resources */ = {isa = PBXBuildFile; fileRef = FCE4701F14C881F800685F0B /* ViewController.xib */; };
/* End PBXBuildFile section */

/* Begin PBXFileReference section */
		FC2FF87B14C8845D00D004AA /* Decoder.h */ = {isa = PBXFileReference; fileEncoding = 4; lastKnownFileType = sourcecode.c.h; path = Decoder.h; sourceTree = "<group>"; };
		FC2FF87C14C8845D00D004AA /* Exception.h */ = {isa = PBXFileReference; fileEncoding = 4; lastKnownFileType = sourcecode.c.h; path = Exception.h; sourceTree = "<group>"; };
		FC2FF87D14C8845D00D004AA /* Image.h */ = {isa = PBXFileReference; fileEncoding = 4; lastKnownFileType = sourcecode.c.h; path = Image.h; sourceTree = "<group>"; };
		FC2FF87E14C8845D00D004AA /* ImageScanner.h */ = {isa = PBXFileReference; fileEncoding = 4; lastKnownFileType = sourcecode.c.h; path = ImageScanner.h; sourceTree = "<group>"; };
		FC2FF87F14C8845D00D004AA /* Processor.h */ = {isa = PBXFileReference; fileEncoding = 4; lastKnownFileType = sourcecode.c.h; path = Processor.h; sourceTree = "<group>"; };
		FC2FF88014C8845D00D004AA /* Scanner.h */ = {isa = PBXFileReference; fileEncoding = 4; lastKnownFileType = sourcecode.c.h; path = Scanner.h; sourceTree = "<group>"; };
		FC2FF88114C8845D00D004AA /* Symbol.h */ = {isa = PBXFileReference; fileEncoding = 4; lastKnownFileType = sourcecode.c.h; path = Symbol.h; sourceTree = "<group>"; };
		FC2FF88214C8845D00D004AA /* Video.h */ = {isa = PBXFileReference; fileEncoding = 4; lastKnownFileType = sourcecode.c.h; path = Video.h; sourceTree = "<group>"; };
		FC2FF88314C8845D00D004AA /* Window.h */ = {isa = PBXFileReference; fileEncoding = 4; lastKnownFileType = sourcecode.c.h; path = Window.h; sourceTree = "<group>"; };
		FC2FF88414C8845D00D004AA /* zbar.h */ = {isa = PBXFileReference; fileEncoding = 4; lastKnownFileType = sourcecode.c.h; path = zbar.h; sourceTree = "<group>"; };
		FC2FF88514C8845D00D004AA /* ZBarCameraSimulator.h */ = {isa = PBXFileReference; fileEncoding = 4; lastKnownFileType = sourcecode.c.h; path = ZBarCameraSimulator.h; sourceTree = "<group>"; };
		FC2FF88614C8845D00D004AA /* ZBarCaptureReader.h */ = {isa = PBXFileReference; fileEncoding = 4; lastKnownFileType = sourcecode.c.h; path = ZBarCaptureReader.h; sourceTree = "<group>"; };
		FC2FF88714C8845D00D004AA /* ZBarHelpController.h */ = {isa = PBXFileReference; fileEncoding = 4; lastKnownFileType = sourcecode.c.h; path = ZBarHelpController.h; sourceTree = "<group>"; };
		FC2FF88814C8845D00D004AA /* ZBarImage.h */ = {isa = PBXFileReference; fileEncoding = 4; lastKnownFileType = sourcecode.c.h; path = ZBarImage.h; sourceTree = "<group>"; };
		FC2FF88914C8845D00D004AA /* ZBarImageScanner.h */ = {isa = PBXFileReference; fileEncoding = 4; lastKnownFileType = sourcecode.c.h; path = ZBarImageScanner.h; sourceTree = "<group>"; };
		FC2FF88A14C8845D00D004AA /* ZBarReaderController.h */ = {isa = PBXFileReference; fileEncoding = 4; lastKnownFileType = sourcecode.c.h; path = ZBarReaderController.h; sourceTree = "<group>"; };
		FC2FF88B14C8845D00D004AA /* ZBarReaderView.h */ = {isa = PBXFileReference; fileEncoding = 4; lastKnownFileType = sourcecode.c.h; path = ZBarReaderView.h; sourceTree = "<group>"; };
		FC2FF88C14C8845D00D004AA /* ZBarReaderViewController.h */ = {isa = PBXFileReference; fileEncoding = 4; lastKnownFileType = sourcecode.c.h; path = ZBarReaderViewController.h; sourceTree = "<group>"; };
		FC2FF88D14C8845D00D004AA /* ZBarSDK.h */ = {isa = PBXFileReference; fileEncoding = 4; lastKnownFileType = sourcecode.c.h; path = ZBarSDK.h; sourceTree = "<group>"; };
		FC2FF88E14C8845D00D004AA /* ZBarSymbol.h */ = {isa = PBXFileReference; fileEncoding = 4; lastKnownFileType = sourcecode.c.h; path = ZBarSymbol.h; sourceTree = "<group>"; };
		FC2FF88F14C8845D00D004AA /* libzbar.a */ = {isa = PBXFileReference; lastKnownFileType = archive.ar; path = libzbar.a; sourceTree = "<group>"; };
		FC2FF89114C8845D00D004AA /* zbar-back.png */ = {isa = PBXFileReference; lastKnownFileType = image.png; path = "zbar-back.png"; sourceTree = "<group>"; };
		FC2FF89214C8845D00D004AA /* zbar-help.html */ = {isa = PBXFileReference; fileEncoding = 4; lastKnownFileType = text.html; path = "zbar-help.html"; sourceTree = "<group>"; };
		FC2FF89314C8845D00D004AA /* zbar-helpicons.png */ = {isa = PBXFileReference; lastKnownFileType = image.png; path = "zbar-helpicons.png"; sourceTree = "<group>"; };
		FC2FF89414C8845D00D004AA /* zbar-samples.png */ = {isa = PBXFileReference; lastKnownFileType = image.png; path = "zbar-samples.png"; sourceTree = "<group>"; };
		FC2FF89B14C8849500D004AA /* AVFoundation.framework */ = {isa = PBXFileReference; lastKnownFileType = wrapper.framework; name = AVFoundation.framework; path = System/Library/Frameworks/AVFoundation.framework; sourceTree = SDKROOT; };
		FC2FF89C14C8849500D004AA /* CoreMedia.framework */ = {isa = PBXFileReference; lastKnownFileType = wrapper.framework; name = CoreMedia.framework; path = System/Library/Frameworks/CoreMedia.framework; sourceTree = SDKROOT; };
		FC2FF89D14C8849500D004AA /* CoreVideo.framework */ = {isa = PBXFileReference; lastKnownFileType = wrapper.framework; name = CoreVideo.framework; path = System/Library/Frameworks/CoreVideo.framework; sourceTree = SDKROOT; };
		FC2FF89E14C8849500D004AA /* QuartzCore.framework */ = {isa = PBXFileReference; lastKnownFileType = wrapper.framework; name = QuartzCore.framework; path = System/Library/Frameworks/QuartzCore.framework; sourceTree = SDKROOT; };
		FC2FF8A314C884A200D004AA /* libiconv.dylib */ = {isa = PBXFileReference; lastKnownFileType = "compiled.mach-o.dylib"; name = libiconv.dylib; path = usr/lib/libiconv.dylib; sourceTree = SDKROOT; };
		FCE4700614C881F700685F0B /* PARQScanTest.app */ = {isa = PBXFileReference; explicitFileType = wrapper.application; includeInIndex = 0; path = PARQScanTest.app; sourceTree = BUILT_PRODUCTS_DIR; };
		FCE4700A14C881F700685F0B /* UIKit.framework */ = {isa = PBXFileReference; lastKnownFileType = wrapper.framework; name = UIKit.framework; path = System/Library/Frameworks/UIKit.framework; sourceTree = SDKROOT; };
		FCE4700C14C881F800685F0B /* Foundation.framework */ = {isa = PBXFileReference; lastKnownFileType = wrapper.framework; name = Foundation.framework; path = System/Library/Frameworks/Foundation.framework; sourceTree = SDKROOT; };
		FCE4700E14C881F800685F0B /* CoreGraphics.framework */ = {isa = PBXFileReference; lastKnownFileType = wrapper.framework; name = CoreGraphics.framework; path = System/Library/Frameworks/CoreGraphics.framework; sourceTree = SDKROOT; };
		FCE4701214C881F800685F0B /* PARQScanTest-Info.plist */ = {isa = PBXFileReference; lastKnownFileType = text.plist.xml; path = "PARQScanTest-Info.plist"; sourceTree = "<group>"; };
		FCE4701414C881F800685F0B /* en */ = {isa = PBXFileReference; lastKnownFileType = text.plist.strings; name = en; path = en.lproj/InfoPlist.strings; sourceTree = "<group>"; };
		FCE4701614C881F800685F0B /* main.m */ = {isa = PBXFileReference; lastKnownFileType = sourcecode.c.objc; path = main.m; sourceTree = "<group>"; };
		FCE4701814C881F800685F0B /* PARQScanTest-Prefix.pch */ = {isa = PBXFileReference; lastKnownFileType = sourcecode.c.h; path = "PARQScanTest-Prefix.pch"; sourceTree = "<group>"; };
		FCE4701914C881F800685F0B /* AppDelegate.h */ = {isa = PBXFileReference; lastKnownFileType = sourcecode.c.h; path = AppDelegate.h; sourceTree = "<group>"; };
		FCE4701A14C881F800685F0B /* AppDelegate.m */ = {isa = PBXFileReference; lastKnownFileType = sourcecode.c.objc; path = AppDelegate.m; sourceTree = "<group>"; };
		FCE4701C14C881F800685F0B /* ViewController.h */ = {isa = PBXFileReference; lastKnownFileType = sourcecode.c.h; path = ViewController.h; sourceTree = "<group>"; };
		FCE4701D14C881F800685F0B /* ViewController.m */ = {isa = PBXFileReference; lastKnownFileType = sourcecode.c.objc; path = ViewController.m; sourceTree = "<group>"; };
		FCE4702014C881F800685F0B /* en */ = {isa = PBXFileReference; lastKnownFileType = file.xib; name = en; path = en.lproj/ViewController.xib; sourceTree = "<group>"; };
/* End PBXFileReference section */

/* Begin PBXFrameworksBuildPhase section */
		FCE4700314C881F700685F0B /* Frameworks */ = {
			isa = PBXFrameworksBuildPhase;
			buildActionMask = 2147483647;
			files = (
				FC2FF8A414C884A200D004AA /* libiconv.dylib in Frameworks */,
				FC2FF89F14C8849500D004AA /* AVFoundation.framework in Frameworks */,
				FC2FF8A014C8849500D004AA /* CoreMedia.framework in Frameworks */,
				FC2FF8A114C8849500D004AA /* CoreVideo.framework in Frameworks */,
				FC2FF8A214C8849500D004AA /* QuartzCore.framework in Frameworks */,
				FCE4700B14C881F700685F0B /* UIKit.framework in Frameworks */,
				FCE4700D14C881F800685F0B /* Foundation.framework in Frameworks */,
				FCE4700F14C881F800685F0B /* CoreGraphics.framework in Frameworks */,
				FC2FF89514C8845D00D004AA /* libzbar.a in Frameworks */,
			);
			runOnlyForDeploymentPostprocessing = 0;
		};
/* End PBXFrameworksBuildPhase section */

/* Begin PBXGroup section */
		FC2FF87714C8845D00D004AA /* ZBarSDK */ = {
			isa = PBXGroup;
			children = (
				FC2FF87814C8845D00D004AA /* Headers */,
				FC2FF88F14C8845D00D004AA /* libzbar.a */,
				FC2FF89014C8845D00D004AA /* Resources */,
			);
			path = ZBarSDK;
			sourceTree = "<group>";
		};
		FC2FF87814C8845D00D004AA /* Headers */ = {
			isa = PBXGroup;
			children = (
				FC2FF87914C8845D00D004AA /* ZBarSDK */,
			);
			path = Headers;
			sourceTree = "<group>";
		};
		FC2FF87914C8845D00D004AA /* ZBarSDK */ = {
			isa = PBXGroup;
			children = (
				FC2FF87A14C8845D00D004AA /* zbar */,
				FC2FF88414C8845D00D004AA /* zbar.h */,
				FC2FF88514C8845D00D004AA /* ZBarCameraSimulator.h */,
				FC2FF88614C8845D00D004AA /* ZBarCaptureReader.h */,
				FC2FF88714C8845D00D004AA /* ZBarHelpController.h */,
				FC2FF88814C8845D00D004AA /* ZBarImage.h */,
				FC2FF88914C8845D00D004AA /* ZBarImageScanner.h */,
				FC2FF88A14C8845D00D004AA /* ZBarReaderController.h */,
				FC2FF88B14C8845D00D004AA /* ZBarReaderView.h */,
				FC2FF88C14C8845D00D004AA /* ZBarReaderViewController.h */,
				FC2FF88D14C8845D00D004AA /* ZBarSDK.h */,
				FC2FF88E14C8845D00D004AA /* ZBarSymbol.h */,
			);
			path = ZBarSDK;
			sourceTree = "<group>";
		};
		FC2FF87A14C8845D00D004AA /* zbar */ = {
			isa = PBXGroup;
			children = (
				FC2FF87B14C8845D00D004AA /* Decoder.h */,
				FC2FF87C14C8845D00D004AA /* Exception.h */,
				FC2FF87D14C8845D00D004AA /* Image.h */,
				FC2FF87E14C8845D00D004AA /* ImageScanner.h */,
				FC2FF87F14C8845D00D004AA /* Processor.h */,
				FC2FF88014C8845D00D004AA /* Scanner.h */,
				FC2FF88114C8845D00D004AA /* Symbol.h */,
				FC2FF88214C8845D00D004AA /* Video.h */,
				FC2FF88314C8845D00D004AA /* Window.h */,
			);
			path = zbar;
			sourceTree = "<group>";
		};
		FC2FF89014C8845D00D004AA /* Resources */ = {
			isa = PBXGroup;
			children = (
				FC2FF89114C8845D00D004AA /* zbar-back.png */,
				FC2FF89214C8845D00D004AA /* zbar-help.html */,
				FC2FF89314C8845D00D004AA /* zbar-helpicons.png */,
				FC2FF89414C8845D00D004AA /* zbar-samples.png */,
			);
			path = Resources;
			sourceTree = "<group>";
		};
		FCE46FFB14C881F700685F0B = {
			isa = PBXGroup;
			children = (
				FC2FF8A314C884A200D004AA /* libiconv.dylib */,
				FC2FF89B14C8849500D004AA /* AVFoundation.framework */,
				FC2FF89C14C8849500D004AA /* CoreMedia.framework */,
				FC2FF89D14C8849500D004AA /* CoreVideo.framework */,
				FC2FF89E14C8849500D004AA /* QuartzCore.framework */,
				FCE4701014C881F800685F0B /* PARQScanTest */,
				FCE4700914C881F700685F0B /* Frameworks */,
				FCE4700714C881F700685F0B /* Products */,
			);
			sourceTree = "<group>";
		};
		FCE4700714C881F700685F0B /* Products */ = {
			isa = PBXGroup;
			children = (
				FCE4700614C881F700685F0B /* PARQScanTest.app */,
			);
			name = Products;
			sourceTree = "<group>";
		};
		FCE4700914C881F700685F0B /* Frameworks */ = {
			isa = PBXGroup;
			children = (
				FCE4700A14C881F700685F0B /* UIKit.framework */,
				FCE4700C14C881F800685F0B /* Foundation.framework */,
				FCE4700E14C881F800685F0B /* CoreGraphics.framework */,
			);
			name = Frameworks;
			sourceTree = "<group>";
		};
		FCE4701014C881F800685F0B /* PARQScanTest */ = {
			isa = PBXGroup;
			children = (
				FC2FF87714C8845D00D004AA /* ZBarSDK */,
				FCE4701914C881F800685F0B /* AppDelegate.h */,
				FCE4701A14C881F800685F0B /* AppDelegate.m */,
				FCE4701C14C881F800685F0B /* ViewController.h */,
				FCE4701D14C881F800685F0B /* ViewController.m */,
				FCE4701F14C881F800685F0B /* ViewController.xib */,
				FCE4701114C881F800685F0B /* Supporting Files */,
			);
			path = PARQScanTest;
			sourceTree = "<group>";
		};
		FCE4701114C881F800685F0B /* Supporting Files */ = {
			isa = PBXGroup;
			children = (
				FCE4701214C881F800685F0B /* PARQScanTest-Info.plist */,
				FCE4701314C881F800685F0B /* InfoPlist.strings */,
				FCE4701614C881F800685F0B /* main.m */,
				FCE4701814C881F800685F0B /* PARQScanTest-Prefix.pch */,
			);
			name = "Supporting Files";
			sourceTree = "<group>";
		};
/* End PBXGroup section */

/* Begin PBXNativeTarget section */
		FCE4700514C881F700685F0B /* PARQScanTest */ = {
			isa = PBXNativeTarget;
			buildConfigurationList = FCE4702414C881F800685F0B /* Build configuration list for PBXNativeTarget "PARQScanTest" */;
			buildPhases = (
				FCE4700214C881F700685F0B /* Sources */,
				FCE4700314C881F700685F0B /* Frameworks */,
				FCE4700414C881F700685F0B /* Resources */,
			);
			buildRules = (
			);
			dependencies = (
			);
			name = PARQScanTest;
			productName = PARQScanTest;
			productReference = FCE4700614C881F700685F0B /* PARQScanTest.app */;
			productType = "com.apple.product-type.application";
		};
/* End PBXNativeTarget section */

/* Begin PBXProject section */
		FCE46FFD14C881F700685F0B /* Project object */ = {
			isa = PBXProject;
			attributes = {
				LastUpgradeCheck = 0420;
				ORGANIZATIONNAME = "Iudex Projects";
			};
			buildConfigurationList = FCE4700014C881F700685F0B /* Build configuration list for PBXProject "PARQScanTest" */;
			compatibilityVersion = "Xcode 3.2";
			developmentRegion = English;
			hasScannedForEncodings = 0;
			knownRegions = (
				en,
			);
			mainGroup = FCE46FFB14C881F700685F0B;
			productRefGroup = FCE4700714C881F700685F0B /* Products */;
			projectDirPath = "";
			projectRoot = "";
			targets = (
				FCE4700514C881F700685F0B /* PARQScanTest */,
			);
		};
/* End PBXProject section */

/* Begin PBXResourcesBuildPhase section */
		FCE4700414C881F700685F0B /* Resources */ = {
			isa = PBXResourcesBuildPhase;
			buildActionMask = 2147483647;
			files = (
				FCE4701514C881F800685F0B /* InfoPlist.strings in Resources */,
				FCE4702114C881F800685F0B /* ViewController.xib in Resources */,
				FC2FF89614C8845E00D004AA /* zbar-back.png in Resources */,
				FC2FF89714C8845E00D004AA /* zbar-help.html in Resources */,
				FC2FF89814C8845E00D004AA /* zbar-helpicons.png in Resources */,
				FC2FF89914C8845E00D004AA /* zbar-samples.png in Resources */,
			);
			runOnlyForDeploymentPostprocessing = 0;
		};
/* End PBXResourcesBuildPhase section */

/* Begin PBXSourcesBuildPhase section */
		FCE4700214C881F700685F0B /* Sources */ = {
			isa = PBXSourcesBuildPhase;
			buildActionMask = 2147483647;
			files = (
				FCE4701714C881F800685F0B /* main.m in Sources */,
				FCE4701B14C881F800685F0B /* AppDelegate.m in Sources */,
				FCE4701E14C881F800685F0B /* ViewController.m in Sources */,
			);
			runOnlyForDeploymentPostprocessing = 0;
		};
/* End PBXSourcesBuildPhase section */

/* Begin PBXVariantGroup section */
		FCE4701314C881F800685F0B /* InfoPlist.strings */ = {
			isa = PBXVariantGroup;
			children = (
				FCE4701414C881F800685F0B /* en */,
			);
			name = InfoPlist.strings;
			sourceTree = "<group>";
		};
		FCE4701F14C881F800685F0B /* ViewController.xib */ = {
			isa = PBXVariantGroup;
			children = (
				FCE4702014C881F800685F0B /* en */,
			);
			name = ViewController.xib;
			sourceTree = "<group>";
		};
/* End PBXVariantGroup section */

/* Begin XCBuildConfiguration section */
		FCE4702214C881F800685F0B /* Debug */ = {
			isa = XCBuildConfiguration;
			buildSettings = {
				ALWAYS_SEARCH_USER_PATHS = NO;
				ARCHS = "$(ARCHS_STANDARD_32_BIT)";
				"CODE_SIGN_IDENTITY[sdk=iphoneos*]" = "iPhone Developer";
				COPY_PHASE_STRIP = NO;
				GCC_C_LANGUAGE_STANDARD = gnu99;
				GCC_DYNAMIC_NO_PIC = NO;
				GCC_OPTIMIZATION_LEVEL = 0;
				GCC_PREPROCESSOR_DEFINITIONS = (
					"DEBUG=1",
					"$(inherited)",
				);
				GCC_SYMBOLS_PRIVATE_EXTERN = NO;
				GCC_VERSION = com.apple.compilers.llvm.clang.1_0;
				GCC_WARN_ABOUT_MISSING_PROTOTYPES = YES;
				GCC_WARN_ABOUT_RETURN_TYPE = YES;
				GCC_WARN_UNUSED_VARIABLE = YES;
				IPHONEOS_DEPLOYMENT_TARGET = 5.0;
				SDKROOT = iphoneos;
			};
			name = Debug;
		};
		FCE4702314C881F800685F0B /* Release */ = {
			isa = XCBuildConfiguration;
			buildSettings = {
				ALWAYS_SEARCH_USER_PATHS = NO;
				ARCHS = "$(ARCHS_STANDARD_32_BIT)";
				"CODE_SIGN_IDENTITY[sdk=iphoneos*]" = "iPhone Developer";
				COPY_PHASE_STRIP = YES;
				GCC_C_LANGUAGE_STANDARD = gnu99;
				GCC_VERSION = com.apple.compilers.llvm.clang.1_0;
				GCC_WARN_ABOUT_MISSING_PROTOTYPES = YES;
				GCC_WARN_ABOUT_RETURN_TYPE = YES;
				GCC_WARN_UNUSED_VARIABLE = YES;
				IPHONEOS_DEPLOYMENT_TARGET = 5.0;
				OTHER_CFLAGS = "-DNS_BLOCK_ASSERTIONS=1";
				SDKROOT = iphoneos;
				VALIDATE_PRODUCT = YES;
			};
			name = Release;
		};
		FCE4702514C881F800685F0B /* Debug */ = {
			isa = XCBuildConfiguration;
			buildSettings = {
				GCC_PRECOMPILE_PREFIX_HEADER = YES;
				GCC_PREFIX_HEADER = "PARQScanTest/PARQScanTest-Prefix.pch";
				INFOPLIST_FILE = "PARQScanTest/PARQScanTest-Info.plist";
				LIBRARY_SEARCH_PATHS = (
					"$(inherited)",
					"\"$(SRCROOT)/PARQScanTest/ZBarSDK\"",
				);
				PRODUCT_NAME = "$(TARGET_NAME)";
				WRAPPER_EXTENSION = app;
			};
			name = Debug;
		};
		FCE4702614C881F800685F0B /* Release */ = {
			isa = XCBuildConfiguration;
			buildSettings = {
				GCC_PRECOMPILE_PREFIX_HEADER = YES;
				GCC_PREFIX_HEADER = "PARQScanTest/PARQScanTest-Prefix.pch";
				INFOPLIST_FILE = "PARQScanTest/PARQScanTest-Info.plist";
				LIBRARY_SEARCH_PATHS = (
					"$(inherited)",
					"\"$(SRCROOT)/PARQScanTest/ZBarSDK\"",
				);
				PRODUCT_NAME = "$(TARGET_NAME)";
				WRAPPER_EXTENSION = app;
			};
			name = Release;
		};
/* End XCBuildConfiguration section */

/* Begin XCConfigurationList section */
		FCE4700014C881F700685F0B /* Build configuration list for PBXProject "PARQScanTest" */ = {
			isa = XCConfigurationList;
			buildConfigurations = (
				FCE4702214C881F800685F0B /* Debug */,
				FCE4702314C881F800685F0B /* Release */,
			);
			defaultConfigurationIsVisible = 0;
			defaultConfigurationName = Release;
		};
		FCE4702414C881F800685F0B /* Build configuration list for PBXNativeTarget "PARQScanTest" */ = {
			isa = XCConfigurationList;
			buildConfigurations = (
				FCE4702514C881F800685F0B /* Debug */,
				FCE4702614C881F800685F0B /* Release */,
			);
			defaultConfigurationIsVisible = 0;
			defaultConfigurationName = Release;
		};
/* End XCConfigurationList section */
	};
	rootObject = FCE46FFD14C881F700685F0B /* Project object */;
}
