// !$*UTF8*$!
{
	archiveVersion = 1;
	classes = {
	};
	objectVersion = 46;
	objects = {

/* Begin PBXBuildFile section */
		8716B0B914B3C094004105AD /* UIKit.framework in Frameworks */ = {isa = PBXBuildFile; fileRef = 8716B0B814B3C094004105AD /* UIKit.framework */; };
		8716B0BB14B3C094004105AD /* Foundation.framework in Frameworks */ = {isa = PBXBuildFile; fileRef = 8716B0BA14B3C094004105AD /* Foundation.framework */; };
		8716B0BD14B3C094004105AD /* CoreGraphics.framework in Frameworks */ = {isa = PBXBuildFile; fileRef = 8716B0BC14B3C094004105AD /* CoreGraphics.framework */; };
		8716B0C314B3C094004105AD /* InfoPlist.strings in Resources */ = {isa = PBXBuildFile; fileRef = 8716B0C114B3C094004105AD /* InfoPlist.strings */; };
		8716B0C514B3C094004105AD /* main.m in Sources */ = {isa = PBXBuildFile; fileRef = 8716B0C414B3C094004105AD /* main.m */; };
		8716B0C914B3C094004105AD /* ParqAppDelegate.m in Sources */ = {isa = PBXBuildFile; fileRef = 8716B0C814B3C094004105AD /* ParqAppDelegate.m */; };
		8716B0CC14B3C094004105AD /* MainStoryboard.storyboard in Resources */ = {isa = PBXBuildFile; fileRef = 8716B0CA14B3C094004105AD /* MainStoryboard.storyboard */; };
		8716B0CF14B3C094004105AD /* ParqParkViewController.m in Sources */ = {isa = PBXBuildFile; fileRef = 8716B0CE14B3C094004105AD /* ParqParkViewController.m */; };
		8716B0D114B3C094004105AD /* first.png in Resources */ = {isa = PBXBuildFile; fileRef = 8716B0D014B3C094004105AD /* first.png */; };
		8716B0D314B3C094004105AD /* first@2x.png in Resources */ = {isa = PBXBuildFile; fileRef = 8716B0D214B3C094004105AD /* first@2x.png */; };
		8716B0D614B3C094004105AD /* ParqMapViewController.m in Sources */ = {isa = PBXBuildFile; fileRef = 8716B0D514B3C094004105AD /* ParqMapViewController.m */; };
		8716B0D814B3C094004105AD /* second.png in Resources */ = {isa = PBXBuildFile; fileRef = 8716B0D714B3C094004105AD /* second.png */; };
		8716B0DA14B3C094004105AD /* second@2x.png in Resources */ = {isa = PBXBuildFile; fileRef = 8716B0D914B3C094004105AD /* second@2x.png */; };
		8716B0E214B3D121004105AD /* ParqAccountViewController.m in Sources */ = {isa = PBXBuildFile; fileRef = 8716B0E114B3D121004105AD /* ParqAccountViewController.m */; };
		8716B0E514B3D181004105AD /* ParqHelpViewController.m in Sources */ = {isa = PBXBuildFile; fileRef = 8716B0E414B3D181004105AD /* ParqHelpViewController.m */; };
		8716B0E814B3F19D004105AD /* ParqButton.m in Sources */ = {isa = PBXBuildFile; fileRef = 8716B0E714B3F19D004105AD /* ParqButton.m */; };
		8716B0EE14B3F9F3004105AD /* QuartzCore.framework in Frameworks */ = {isa = PBXBuildFile; fileRef = 8716B0ED14B3F9F3004105AD /* QuartzCore.framework */; };
/* End PBXBuildFile section */

/* Begin PBXFileReference section */
		8716B0B414B3C094004105AD /* Parq.app */ = {isa = PBXFileReference; explicitFileType = wrapper.application; includeInIndex = 0; path = Parq.app; sourceTree = BUILT_PRODUCTS_DIR; };
		8716B0B814B3C094004105AD /* UIKit.framework */ = {isa = PBXFileReference; lastKnownFileType = wrapper.framework; name = UIKit.framework; path = System/Library/Frameworks/UIKit.framework; sourceTree = SDKROOT; };
		8716B0BA14B3C094004105AD /* Foundation.framework */ = {isa = PBXFileReference; lastKnownFileType = wrapper.framework; name = Foundation.framework; path = System/Library/Frameworks/Foundation.framework; sourceTree = SDKROOT; };
		8716B0BC14B3C094004105AD /* CoreGraphics.framework */ = {isa = PBXFileReference; lastKnownFileType = wrapper.framework; name = CoreGraphics.framework; path = System/Library/Frameworks/CoreGraphics.framework; sourceTree = SDKROOT; };
		8716B0C014B3C094004105AD /* Parq-Info.plist */ = {isa = PBXFileReference; lastKnownFileType = text.plist.xml; path = "Parq-Info.plist"; sourceTree = "<group>"; };
		8716B0C214B3C094004105AD /* en */ = {isa = PBXFileReference; lastKnownFileType = text.plist.strings; name = en; path = en.lproj/InfoPlist.strings; sourceTree = "<group>"; };
		8716B0C414B3C094004105AD /* main.m */ = {isa = PBXFileReference; lastKnownFileType = sourcecode.c.objc; path = main.m; sourceTree = "<group>"; };
		8716B0C614B3C094004105AD /* Parq-Prefix.pch */ = {isa = PBXFileReference; lastKnownFileType = sourcecode.c.h; path = "Parq-Prefix.pch"; sourceTree = "<group>"; };
		8716B0C714B3C094004105AD /* ParqAppDelegate.h */ = {isa = PBXFileReference; lastKnownFileType = sourcecode.c.h; path = ParqAppDelegate.h; sourceTree = "<group>"; };
		8716B0C814B3C094004105AD /* ParqAppDelegate.m */ = {isa = PBXFileReference; lastKnownFileType = sourcecode.c.objc; path = ParqAppDelegate.m; sourceTree = "<group>"; };
		8716B0CB14B3C094004105AD /* en */ = {isa = PBXFileReference; lastKnownFileType = file.storyboard; name = en; path = en.lproj/MainStoryboard.storyboard; sourceTree = "<group>"; };
		8716B0CD14B3C094004105AD /* ParqParkViewController.h */ = {isa = PBXFileReference; lastKnownFileType = sourcecode.c.h; path = ParqParkViewController.h; sourceTree = "<group>"; };
		8716B0CE14B3C094004105AD /* ParqParkViewController.m */ = {isa = PBXFileReference; lastKnownFileType = sourcecode.c.objc; path = ParqParkViewController.m; sourceTree = "<group>"; };
		8716B0D014B3C094004105AD /* first.png */ = {isa = PBXFileReference; lastKnownFileType = image.png; path = first.png; sourceTree = "<group>"; };
		8716B0D214B3C094004105AD /* first@2x.png */ = {isa = PBXFileReference; lastKnownFileType = image.png; path = "first@2x.png"; sourceTree = "<group>"; };
		8716B0D414B3C094004105AD /* ParqMapViewController.h */ = {isa = PBXFileReference; lastKnownFileType = sourcecode.c.h; path = ParqMapViewController.h; sourceTree = "<group>"; };
		8716B0D514B3C094004105AD /* ParqMapViewController.m */ = {isa = PBXFileReference; lastKnownFileType = sourcecode.c.objc; path = ParqMapViewController.m; sourceTree = "<group>"; };
		8716B0D714B3C094004105AD /* second.png */ = {isa = PBXFileReference; lastKnownFileType = image.png; path = second.png; sourceTree = "<group>"; };
		8716B0D914B3C094004105AD /* second@2x.png */ = {isa = PBXFileReference; lastKnownFileType = image.png; path = "second@2x.png"; sourceTree = "<group>"; };
		8716B0E014B3D121004105AD /* ParqAccountViewController.h */ = {isa = PBXFileReference; fileEncoding = 4; lastKnownFileType = sourcecode.c.h; path = ParqAccountViewController.h; sourceTree = "<group>"; };
		8716B0E114B3D121004105AD /* ParqAccountViewController.m */ = {isa = PBXFileReference; fileEncoding = 4; lastKnownFileType = sourcecode.c.objc; path = ParqAccountViewController.m; sourceTree = "<group>"; };
		8716B0E314B3D181004105AD /* ParqHelpViewController.h */ = {isa = PBXFileReference; fileEncoding = 4; lastKnownFileType = sourcecode.c.h; path = ParqHelpViewController.h; sourceTree = "<group>"; };
		8716B0E414B3D181004105AD /* ParqHelpViewController.m */ = {isa = PBXFileReference; fileEncoding = 4; lastKnownFileType = sourcecode.c.objc; path = ParqHelpViewController.m; sourceTree = "<group>"; };
		8716B0E614B3F19D004105AD /* ParqButton.h */ = {isa = PBXFileReference; fileEncoding = 4; lastKnownFileType = sourcecode.c.h; path = ParqButton.h; sourceTree = "<group>"; };
		8716B0E714B3F19D004105AD /* ParqButton.m */ = {isa = PBXFileReference; fileEncoding = 4; lastKnownFileType = sourcecode.c.objc; path = ParqButton.m; sourceTree = "<group>"; };
		8716B0ED14B3F9F3004105AD /* QuartzCore.framework */ = {isa = PBXFileReference; lastKnownFileType = wrapper.framework; name = QuartzCore.framework; path = System/Library/Frameworks/QuartzCore.framework; sourceTree = SDKROOT; };
/* End PBXFileReference section */

/* Begin PBXFrameworksBuildPhase section */
		8716B0B114B3C094004105AD /* Frameworks */ = {
			isa = PBXFrameworksBuildPhase;
			buildActionMask = 2147483647;
			files = (
				8716B0B914B3C094004105AD /* UIKit.framework in Frameworks */,
				8716B0BB14B3C094004105AD /* Foundation.framework in Frameworks */,
				8716B0EE14B3F9F3004105AD /* QuartzCore.framework in Frameworks */,
				8716B0BD14B3C094004105AD /* CoreGraphics.framework in Frameworks */,
			);
			runOnlyForDeploymentPostprocessing = 0;
		};
/* End PBXFrameworksBuildPhase section */

/* Begin PBXGroup section */
		8716B0A914B3C093004105AD = {
			isa = PBXGroup;
			children = (
				8716B0ED14B3F9F3004105AD /* QuartzCore.framework */,
				8716B0BE14B3C094004105AD /* Parq */,
				8716B0B714B3C094004105AD /* Frameworks */,
				8716B0B514B3C094004105AD /* Products */,
			);
			sourceTree = "<group>";
		};
		8716B0B514B3C094004105AD /* Products */ = {
			isa = PBXGroup;
			children = (
				8716B0B414B3C094004105AD /* Parq.app */,
			);
			name = Products;
			sourceTree = "<group>";
		};
		8716B0B714B3C094004105AD /* Frameworks */ = {
			isa = PBXGroup;
			children = (
				8716B0B814B3C094004105AD /* UIKit.framework */,
				8716B0BA14B3C094004105AD /* Foundation.framework */,
				8716B0BC14B3C094004105AD /* CoreGraphics.framework */,
			);
			name = Frameworks;
			sourceTree = "<group>";
		};
		8716B0BE14B3C094004105AD /* Parq */ = {
			isa = PBXGroup;
			children = (
				8716B0D014B3C094004105AD /* first.png */,
				8716B0D214B3C094004105AD /* first@2x.png */,
				8716B0CA14B3C094004105AD /* MainStoryboard.storyboard */,
				8716B0E614B3F19D004105AD /* ParqButton.h */,
				8716B0E714B3F19D004105AD /* ParqButton.m */,
				8716B0E014B3D121004105AD /* ParqAccountViewController.h */,
				8716B0E114B3D121004105AD /* ParqAccountViewController.m */,
				8716B0C714B3C094004105AD /* ParqAppDelegate.h */,
				8716B0C814B3C094004105AD /* ParqAppDelegate.m */,
				8716B0CD14B3C094004105AD /* ParqParkViewController.h */,
				8716B0CE14B3C094004105AD /* ParqParkViewController.m */,
				8716B0E314B3D181004105AD /* ParqHelpViewController.h */,
				8716B0E414B3D181004105AD /* ParqHelpViewController.m */,
				8716B0D414B3C094004105AD /* ParqMapViewController.h */,
				8716B0D514B3C094004105AD /* ParqMapViewController.m */,
				8716B0D714B3C094004105AD /* second.png */,
				8716B0D914B3C094004105AD /* second@2x.png */,
				8716B0BF14B3C094004105AD /* Supporting Files */,
			);
			path = Parq;
			sourceTree = "<group>";
		};
		8716B0BF14B3C094004105AD /* Supporting Files */ = {
			isa = PBXGroup;
			children = (
				8716B0C014B3C094004105AD /* Parq-Info.plist */,
				8716B0C114B3C094004105AD /* InfoPlist.strings */,
				8716B0C414B3C094004105AD /* main.m */,
				8716B0C614B3C094004105AD /* Parq-Prefix.pch */,
			);
			name = "Supporting Files";
			sourceTree = "<group>";
		};
/* End PBXGroup section */

/* Begin PBXNativeTarget section */
		8716B0B314B3C094004105AD /* Parq */ = {
			isa = PBXNativeTarget;
			buildConfigurationList = 8716B0DD14B3C094004105AD /* Build configuration list for PBXNativeTarget "Parq" */;
			buildPhases = (
				8716B0B014B3C094004105AD /* Sources */,
				8716B0B114B3C094004105AD /* Frameworks */,
				8716B0B214B3C094004105AD /* Resources */,
			);
			buildRules = (
			);
			dependencies = (
			);
			name = Parq;
			productName = Parq;
			productReference = 8716B0B414B3C094004105AD /* Parq.app */;
			productType = "com.apple.product-type.application";
		};
/* End PBXNativeTarget section */

/* Begin PBXProject section */
		8716B0AB14B3C093004105AD /* Project object */ = {
			isa = PBXProject;
			attributes = {
				LastUpgradeCheck = 0420;
				ORGANIZATIONNAME = "Massachusetts Institute of Technology";
			};
			buildConfigurationList = 8716B0AE14B3C093004105AD /* Build configuration list for PBXProject "Parq" */;
			compatibilityVersion = "Xcode 3.2";
			developmentRegion = English;
			hasScannedForEncodings = 0;
			knownRegions = (
				en,
			);
			mainGroup = 8716B0A914B3C093004105AD;
			productRefGroup = 8716B0B514B3C094004105AD /* Products */;
			projectDirPath = "";
			projectRoot = "";
			targets = (
				8716B0B314B3C094004105AD /* Parq */,
			);
		};
/* End PBXProject section */

/* Begin PBXResourcesBuildPhase section */
		8716B0B214B3C094004105AD /* Resources */ = {
			isa = PBXResourcesBuildPhase;
			buildActionMask = 2147483647;
			files = (
				8716B0C314B3C094004105AD /* InfoPlist.strings in Resources */,
				8716B0CC14B3C094004105AD /* MainStoryboard.storyboard in Resources */,
				8716B0D114B3C094004105AD /* first.png in Resources */,
				8716B0D314B3C094004105AD /* first@2x.png in Resources */,
				8716B0D814B3C094004105AD /* second.png in Resources */,
				8716B0DA14B3C094004105AD /* second@2x.png in Resources */,
			);
			runOnlyForDeploymentPostprocessing = 0;
		};
/* End PBXResourcesBuildPhase section */

/* Begin PBXSourcesBuildPhase section */
		8716B0B014B3C094004105AD /* Sources */ = {
			isa = PBXSourcesBuildPhase;
			buildActionMask = 2147483647;
			files = (
				8716B0C514B3C094004105AD /* main.m in Sources */,
				8716B0C914B3C094004105AD /* ParqAppDelegate.m in Sources */,
				8716B0CF14B3C094004105AD /* ParqParkViewController.m in Sources */,
				8716B0D614B3C094004105AD /* ParqMapViewController.m in Sources */,
				8716B0E214B3D121004105AD /* ParqAccountViewController.m in Sources */,
				8716B0E514B3D181004105AD /* ParqHelpViewController.m in Sources */,
				8716B0E814B3F19D004105AD /* ParqButton.m in Sources */,
			);
			runOnlyForDeploymentPostprocessing = 0;
		};
/* End PBXSourcesBuildPhase section */

/* Begin PBXVariantGroup section */
		8716B0C114B3C094004105AD /* InfoPlist.strings */ = {
			isa = PBXVariantGroup;
			children = (
				8716B0C214B3C094004105AD /* en */,
			);
			name = InfoPlist.strings;
			sourceTree = "<group>";
		};
		8716B0CA14B3C094004105AD /* MainStoryboard.storyboard */ = {
			isa = PBXVariantGroup;
			children = (
				8716B0CB14B3C094004105AD /* en */,
			);
			name = MainStoryboard.storyboard;
			sourceTree = "<group>";
		};
/* End PBXVariantGroup section */

/* Begin XCBuildConfiguration section */
		8716B0DB14B3C094004105AD /* Debug */ = {
			isa = XCBuildConfiguration;
			buildSettings = {
				ALWAYS_SEARCH_USER_PATHS = NO;
				ARCHS = "$(ARCHS_STANDARD_32_BIT)";
				CLANG_ENABLE_OBJC_ARC = YES;
				"CODE_SIGN_IDENTITY[sdk=iphoneos*]" = "iPhone Developer";
				COPY_PHASE_STRIP = NO;
				GCC_C_LANGUAGE_STANDARD = gnu99;
				GCC_DYNAMIC_NO_PIC = NO;
				GCC_OPTIMIZATION_LEVEL = 0;
				GCC_PREPROCESSOR_DEFINITIONS = (
					"DEBUG=1",
					"$(inherited)",
				);
				GCC_SYMBOLS_PRIVATE_EXTERN = NO;
				GCC_VERSION = com.apple.compilers.llvm.clang.1_0;
				GCC_WARN_ABOUT_MISSING_PROTOTYPES = YES;
				GCC_WARN_ABOUT_RETURN_TYPE = YES;
				GCC_WARN_UNUSED_VARIABLE = YES;
				IPHONEOS_DEPLOYMENT_TARGET = 5.0;
				SDKROOT = iphoneos;
			};
			name = Debug;
		};
		8716B0DC14B3C094004105AD /* Release */ = {
			isa = XCBuildConfiguration;
			buildSettings = {
				ALWAYS_SEARCH_USER_PATHS = NO;
				ARCHS = "$(ARCHS_STANDARD_32_BIT)";
				CLANG_ENABLE_OBJC_ARC = YES;
				"CODE_SIGN_IDENTITY[sdk=iphoneos*]" = "iPhone Developer";
				COPY_PHASE_STRIP = YES;
				GCC_C_LANGUAGE_STANDARD = gnu99;
				GCC_VERSION = com.apple.compilers.llvm.clang.1_0;
				GCC_WARN_ABOUT_MISSING_PROTOTYPES = YES;
				GCC_WARN_ABOUT_RETURN_TYPE = YES;
				GCC_WARN_UNUSED_VARIABLE = YES;
				IPHONEOS_DEPLOYMENT_TARGET = 5.0;
				OTHER_CFLAGS = "-DNS_BLOCK_ASSERTIONS=1";
				SDKROOT = iphoneos;
				VALIDATE_PRODUCT = YES;
			};
			name = Release;
		};
		8716B0DE14B3C094004105AD /* Debug */ = {
			isa = XCBuildConfiguration;
			buildSettings = {
				GCC_PRECOMPILE_PREFIX_HEADER = YES;
				GCC_PREFIX_HEADER = "Parq/Parq-Prefix.pch";
				INFOPLIST_FILE = "Parq/Parq-Info.plist";
				PRODUCT_NAME = "$(TARGET_NAME)";
				WRAPPER_EXTENSION = app;
			};
			name = Debug;
		};
		8716B0DF14B3C094004105AD /* Release */ = {
			isa = XCBuildConfiguration;
			buildSettings = {
				GCC_PRECOMPILE_PREFIX_HEADER = YES;
				GCC_PREFIX_HEADER = "Parq/Parq-Prefix.pch";
				INFOPLIST_FILE = "Parq/Parq-Info.plist";
				PRODUCT_NAME = "$(TARGET_NAME)";
				WRAPPER_EXTENSION = app;
			};
			name = Release;
		};
/* End XCBuildConfiguration section */

/* Begin XCConfigurationList section */
		8716B0AE14B3C093004105AD /* Build configuration list for PBXProject "Parq" */ = {
			isa = XCConfigurationList;
			buildConfigurations = (
				8716B0DB14B3C094004105AD /* Debug */,
				8716B0DC14B3C094004105AD /* Release */,
			);
			defaultConfigurationIsVisible = 0;
			defaultConfigurationName = Release;
		};
		8716B0DD14B3C094004105AD /* Build configuration list for PBXNativeTarget "Parq" */ = {
			isa = XCConfigurationList;
			buildConfigurations = (
				8716B0DE14B3C094004105AD /* Debug */,
				8716B0DF14B3C094004105AD /* Release */,
			);
			defaultConfigurationIsVisible = 0;
		};
/* End XCConfigurationList section */
	};
	rootObject = 8716B0AB14B3C093004105AD /* Project object */;
}
